Microsoft Visual Studio Solution File, Format Version 12.00
# Visual Studio Version 16
VisualStudioVersion = 16.0.30104.148
MinimumVisualStudioVersion = 10.0.40219.1
Project("{2150E333-8FDC-42A3-9474-1A3956D46DE8}") = "Solution Items", "Solution Items", "{AF7302DA-EC4A-4A77-9092-98DEAB8B4D5C}"
	ProjectSection(SolutionItems) = preProject
		.dockerignore = .dockerignore
		.editorconfig = .editorconfig
		.gitignore = .gitignore
		appsettings.release.json = appsettings.release.json
		azure-pipelines.yml = azure-pipelines.yml
		build.bat = build.bat
		copy-CIBG-configs.bat = copy-CIBG-configs.bat
		deploy-example.bat = deploy-example.bat
		ExposureNotification.Backend.sln.DotSettings = ExposureNotification.Backend.sln.DotSettings
		package-CIBG.bat = package-CIBG.bat
		package.bat = package.bat
	EndProjectSection
EndProject
Project("{9A19103F-16F7-4668-BE54-9A1E7A4F7556}") = "Components", "Components\Components.csproj", "{6142B884-72B0-4941-99BE-BBCCF0C24DA0}"
EndProject
Project("{9A19103F-16F7-4668-BE54-9A1E7A4F7556}") = "Components.Tests", "Components.Tests\Components.Tests.csproj", "{907B5A53-BB07-4297-8C93-1D24768CAE3E}"
EndProject
Project("{2150E333-8FDC-42A3-9474-1A3956D46DE8}") = "Documentation", "Documentation", "{D5A96A79-CFC9-46F8-9719-9840D7F717A1}"
	ProjectSection(SolutionItems) = preProject
		README.md = README.md
	EndProjectSection
EndProject
Project("{9A19103F-16F7-4668-BE54-9A1E7A4F7556}") = "GeneratedGaenFormat", "GaenFormat\GeneratedGaenFormat.csproj", "{4EE95C11-79EE-4ECB-940E-205AA3C4EAC8}"
EndProject
Project("{9A19103F-16F7-4668-BE54-9A1E7A4F7556}") = "MobileAppApi", "MobileAppApi\MobileAppApi.csproj", "{DC54D593-4B03-4879-AA7A-5294170AEB49}"
EndProject
Project("{9A19103F-16F7-4668-BE54-9A1E7A4F7556}") = "IccBackend", "IccBackend\IccBackend.csproj", "{AC3CB088-A5D1-4CCC-B021-BBBBB60F3464}"
EndProject
Project("{2150E333-8FDC-42A3-9474-1A3956D46DE8}") = "docker", "docker", "{5CB694D0-78E1-4347-BF78-A557E0780125}"
	ProjectSection(SolutionItems) = preProject
		docker\docker-compose.yml = docker\docker-compose.yml
		docker\README.md = docker\README.md
	EndProjectSection
EndProject
Project("{9A19103F-16F7-4668-BE54-9A1E7A4F7556}") = "ContentApi", "ContentApi\ContentApi.csproj", "{E9B743F3-6643-4BD6-A136-2887F64A5BEB}"
EndProject
Project("{9A19103F-16F7-4668-BE54-9A1E7A4F7556}") = "EksEngine", "EksEngine\EksEngine.csproj", "{48F9CA7D-BE9A-423F-8F9C-4387271A96FD}"
EndProject
Project("{9A19103F-16F7-4668-BE54-9A1E7A4F7556}") = "ManifestEngine", "ManifestEngine\ManifestEngine.csproj", "{030A4188-9ADF-46A1-9DC8-9774970B4243}"
EndProject
Project("{9A19103F-16F7-4668-BE54-9A1E7A4F7556}") = "DbProvision", "DbProvision\DbProvision.csproj", "{30BA20ED-FB39-43FC-885A-FE7A3D6B7937}"
EndProject
Project("{9A19103F-16F7-4668-BE54-9A1E7A4F7556}") = "GenTeks", "GenTeks\GenTeks.csproj", "{0417A9FB-86E7-4AEF-90DE-6D715BC9C7DB}"
EndProject
Project("{2150E333-8FDC-42A3-9474-1A3956D46DE8}") = "Tools", "Tools", "{3F8DB099-3B7E-4314-87AC-637EE6346FAF}"
EndProject
Project("{9A19103F-16F7-4668-BE54-9A1E7A4F7556}") = "MobileAppApi.Tests", "MobileAppApi.Tests\MobileAppApi.Tests.csproj", "{80D5171E-9DFF-4B0A-AE25-DB149E9E81A8}"
EndProject
Project("{9A19103F-16F7-4668-BE54-9A1E7A4F7556}") = "PublishContent", "PublishContent\PublishContent.csproj", "{DC65200F-DDCD-40FF-93E9-F12E3CE006C9}"
EndProject
Project("{9A19103F-16F7-4668-BE54-9A1E7A4F7556}") = "ForceTekAuth", "ForceTekAuth\ForceTekAuth.csproj", "{C7481CC9-76CE-4782-81EC-C30FB65ECA0E}"
EndProject
Project("{9A19103F-16F7-4668-BE54-9A1E7A4F7556}") = "IccBackend.Tests", "IccBackend.Tests\IccBackend.Tests.csproj", "{55F11CBF-1CBE-4FAD-BC96-469335AC3EF1}"
EndProject
Project("{9A19103F-16F7-4668-BE54-9A1E7A4F7556}") = "SigTestFileCreator", "SigTestFileCreator\SigTestFileCreator.csproj", "{D3D483FA-9F25-489A-B27A-5A6F0549BE1C}"
EndProject
Project("{9A19103F-16F7-4668-BE54-9A1E7A4F7556}") = "EksParser", "EksParser\EksParser.csproj", "{ABAF7EEC-3FF1-4900-A941-F268458DE385}"
EndProject
Project("{9A19103F-16F7-4668-BE54-9A1E7A4F7556}") = "DailyCleanup", "DailyCleanup\DailyCleanup.csproj", "{8E025BC6-8D21-40DA-8141-461F82AC6509}"
EndProject
Project("{2150E333-8FDC-42A3-9474-1A3956D46DE8}") = "Databases", "Databases", "{3D8860B5-E55F-4EC3-8FC0-FF9188136CE1}"
EndProject
Project("{00D1A9C2-B5F0-4AF3-8072-F6C62B433612}") = "Content", "Database\Content\Content.sqlproj", "{DCE516D6-26DD-4DAA-9AF9-09936F91279D}"
EndProject
Project("{00D1A9C2-B5F0-4AF3-8072-F6C62B433612}") = "PublishingJob", "Database\PublishingJob\PublishingJob.sqlproj", "{8CBD7876-8033-4AD4-AE50-8C121DC3E31E}"
EndProject
Project("{00D1A9C2-B5F0-4AF3-8072-F6C62B433612}") = "Statistics", "Database\Statistics\Statistics.sqlproj", "{1B43A591-F224-4A8B-B50E-53BAF0710B08}"
EndProject
Project("{00D1A9C2-B5F0-4AF3-8072-F6C62B433612}") = "WorkFlow", "Database\WorkFlow\WorkFlow.sqlproj", "{76669C6F-7687-4C3D-90DD-0206385D36ED}"
EndProject
Global
	GlobalSection(SolutionConfigurationPlatforms) = preSolution
		Debug|Any CPU = Debug|Any CPU
		Release|Any CPU = Release|Any CPU
	EndGlobalSection
	GlobalSection(ProjectConfigurationPlatforms) = postSolution
		{6142B884-72B0-4941-99BE-BBCCF0C24DA0}.Debug|Any CPU.ActiveCfg = Debug|Any CPU
		{6142B884-72B0-4941-99BE-BBCCF0C24DA0}.Debug|Any CPU.Build.0 = Debug|Any CPU
		{6142B884-72B0-4941-99BE-BBCCF0C24DA0}.Release|Any CPU.ActiveCfg = Release|Any CPU
		{6142B884-72B0-4941-99BE-BBCCF0C24DA0}.Release|Any CPU.Build.0 = Release|Any CPU
		{907B5A53-BB07-4297-8C93-1D24768CAE3E}.Debug|Any CPU.ActiveCfg = Debug|Any CPU
		{907B5A53-BB07-4297-8C93-1D24768CAE3E}.Debug|Any CPU.Build.0 = Debug|Any CPU
		{907B5A53-BB07-4297-8C93-1D24768CAE3E}.Release|Any CPU.ActiveCfg = Release|Any CPU
		{907B5A53-BB07-4297-8C93-1D24768CAE3E}.Release|Any CPU.Build.0 = Release|Any CPU
		{4EE95C11-79EE-4ECB-940E-205AA3C4EAC8}.Debug|Any CPU.ActiveCfg = Debug|Any CPU
		{4EE95C11-79EE-4ECB-940E-205AA3C4EAC8}.Debug|Any CPU.Build.0 = Debug|Any CPU
		{4EE95C11-79EE-4ECB-940E-205AA3C4EAC8}.Release|Any CPU.ActiveCfg = Release|Any CPU
		{4EE95C11-79EE-4ECB-940E-205AA3C4EAC8}.Release|Any CPU.Build.0 = Release|Any CPU
		{DC54D593-4B03-4879-AA7A-5294170AEB49}.Debug|Any CPU.ActiveCfg = Debug|Any CPU
		{DC54D593-4B03-4879-AA7A-5294170AEB49}.Debug|Any CPU.Build.0 = Debug|Any CPU
		{DC54D593-4B03-4879-AA7A-5294170AEB49}.Release|Any CPU.ActiveCfg = Release|Any CPU
		{DC54D593-4B03-4879-AA7A-5294170AEB49}.Release|Any CPU.Build.0 = Release|Any CPU
		{AC3CB088-A5D1-4CCC-B021-BBBBB60F3464}.Debug|Any CPU.ActiveCfg = Debug|Any CPU
		{AC3CB088-A5D1-4CCC-B021-BBBBB60F3464}.Debug|Any CPU.Build.0 = Debug|Any CPU
		{AC3CB088-A5D1-4CCC-B021-BBBBB60F3464}.Release|Any CPU.ActiveCfg = Release|Any CPU
		{AC3CB088-A5D1-4CCC-B021-BBBBB60F3464}.Release|Any CPU.Build.0 = Release|Any CPU
		{E9B743F3-6643-4BD6-A136-2887F64A5BEB}.Debug|Any CPU.ActiveCfg = Debug|Any CPU
		{E9B743F3-6643-4BD6-A136-2887F64A5BEB}.Debug|Any CPU.Build.0 = Debug|Any CPU
		{E9B743F3-6643-4BD6-A136-2887F64A5BEB}.Release|Any CPU.ActiveCfg = Release|Any CPU
		{E9B743F3-6643-4BD6-A136-2887F64A5BEB}.Release|Any CPU.Build.0 = Release|Any CPU
		{48F9CA7D-BE9A-423F-8F9C-4387271A96FD}.Debug|Any CPU.ActiveCfg = Debug|Any CPU
		{48F9CA7D-BE9A-423F-8F9C-4387271A96FD}.Debug|Any CPU.Build.0 = Debug|Any CPU
		{48F9CA7D-BE9A-423F-8F9C-4387271A96FD}.Release|Any CPU.ActiveCfg = Release|Any CPU
		{48F9CA7D-BE9A-423F-8F9C-4387271A96FD}.Release|Any CPU.Build.0 = Release|Any CPU
		{030A4188-9ADF-46A1-9DC8-9774970B4243}.Debug|Any CPU.ActiveCfg = Debug|Any CPU
		{030A4188-9ADF-46A1-9DC8-9774970B4243}.Debug|Any CPU.Build.0 = Debug|Any CPU
		{030A4188-9ADF-46A1-9DC8-9774970B4243}.Release|Any CPU.ActiveCfg = Release|Any CPU
		{030A4188-9ADF-46A1-9DC8-9774970B4243}.Release|Any CPU.Build.0 = Release|Any CPU
		{30BA20ED-FB39-43FC-885A-FE7A3D6B7937}.Debug|Any CPU.ActiveCfg = Debug|Any CPU
		{30BA20ED-FB39-43FC-885A-FE7A3D6B7937}.Debug|Any CPU.Build.0 = Debug|Any CPU
		{30BA20ED-FB39-43FC-885A-FE7A3D6B7937}.Release|Any CPU.ActiveCfg = Release|Any CPU
		{30BA20ED-FB39-43FC-885A-FE7A3D6B7937}.Release|Any CPU.Build.0 = Release|Any CPU
		{0417A9FB-86E7-4AEF-90DE-6D715BC9C7DB}.Debug|Any CPU.ActiveCfg = Debug|Any CPU
		{0417A9FB-86E7-4AEF-90DE-6D715BC9C7DB}.Debug|Any CPU.Build.0 = Debug|Any CPU
		{0417A9FB-86E7-4AEF-90DE-6D715BC9C7DB}.Release|Any CPU.ActiveCfg = Release|Any CPU
		{0417A9FB-86E7-4AEF-90DE-6D715BC9C7DB}.Release|Any CPU.Build.0 = Release|Any CPU
		{80D5171E-9DFF-4B0A-AE25-DB149E9E81A8}.Debug|Any CPU.ActiveCfg = Debug|Any CPU
		{80D5171E-9DFF-4B0A-AE25-DB149E9E81A8}.Debug|Any CPU.Build.0 = Debug|Any CPU
		{80D5171E-9DFF-4B0A-AE25-DB149E9E81A8}.Release|Any CPU.ActiveCfg = Release|Any CPU
		{80D5171E-9DFF-4B0A-AE25-DB149E9E81A8}.Release|Any CPU.Build.0 = Release|Any CPU
		{DC65200F-DDCD-40FF-93E9-F12E3CE006C9}.Debug|Any CPU.ActiveCfg = Debug|Any CPU
		{DC65200F-DDCD-40FF-93E9-F12E3CE006C9}.Debug|Any CPU.Build.0 = Debug|Any CPU
		{DC65200F-DDCD-40FF-93E9-F12E3CE006C9}.Release|Any CPU.ActiveCfg = Release|Any CPU
		{DC65200F-DDCD-40FF-93E9-F12E3CE006C9}.Release|Any CPU.Build.0 = Release|Any CPU
		{C7481CC9-76CE-4782-81EC-C30FB65ECA0E}.Debug|Any CPU.ActiveCfg = Debug|Any CPU
		{C7481CC9-76CE-4782-81EC-C30FB65ECA0E}.Debug|Any CPU.Build.0 = Debug|Any CPU
		{C7481CC9-76CE-4782-81EC-C30FB65ECA0E}.Release|Any CPU.ActiveCfg = Release|Any CPU
		{C7481CC9-76CE-4782-81EC-C30FB65ECA0E}.Release|Any CPU.Build.0 = Release|Any CPU
		{55F11CBF-1CBE-4FAD-BC96-469335AC3EF1}.Debug|Any CPU.ActiveCfg = Debug|Any CPU
		{55F11CBF-1CBE-4FAD-BC96-469335AC3EF1}.Debug|Any CPU.Build.0 = Debug|Any CPU
		{55F11CBF-1CBE-4FAD-BC96-469335AC3EF1}.Release|Any CPU.ActiveCfg = Release|Any CPU
		{55F11CBF-1CBE-4FAD-BC96-469335AC3EF1}.Release|Any CPU.Build.0 = Release|Any CPU
		{D3D483FA-9F25-489A-B27A-5A6F0549BE1C}.Debug|Any CPU.ActiveCfg = Debug|Any CPU
		{D3D483FA-9F25-489A-B27A-5A6F0549BE1C}.Debug|Any CPU.Build.0 = Debug|Any CPU
		{D3D483FA-9F25-489A-B27A-5A6F0549BE1C}.Release|Any CPU.ActiveCfg = Release|Any CPU
		{D3D483FA-9F25-489A-B27A-5A6F0549BE1C}.Release|Any CPU.Build.0 = Release|Any CPU
		{ABAF7EEC-3FF1-4900-A941-F268458DE385}.Debug|Any CPU.ActiveCfg = Debug|Any CPU
		{ABAF7EEC-3FF1-4900-A941-F268458DE385}.Debug|Any CPU.Build.0 = Debug|Any CPU
		{ABAF7EEC-3FF1-4900-A941-F268458DE385}.Release|Any CPU.ActiveCfg = Release|Any CPU
		{ABAF7EEC-3FF1-4900-A941-F268458DE385}.Release|Any CPU.Build.0 = Release|Any CPU
		{8E025BC6-8D21-40DA-8141-461F82AC6509}.Debug|Any CPU.ActiveCfg = Debug|Any CPU
		{8E025BC6-8D21-40DA-8141-461F82AC6509}.Debug|Any CPU.Build.0 = Debug|Any CPU
		{8E025BC6-8D21-40DA-8141-461F82AC6509}.Release|Any CPU.ActiveCfg = Release|Any CPU
		{8E025BC6-8D21-40DA-8141-461F82AC6509}.Release|Any CPU.Build.0 = Release|Any CPU
		{DCE516D6-26DD-4DAA-9AF9-09936F91279D}.Debug|Any CPU.ActiveCfg = Debug|Any CPU
		{DCE516D6-26DD-4DAA-9AF9-09936F91279D}.Debug|Any CPU.Build.0 = Debug|Any CPU
		{DCE516D6-26DD-4DAA-9AF9-09936F91279D}.Debug|Any CPU.Deploy.0 = Debug|Any CPU
		{DCE516D6-26DD-4DAA-9AF9-09936F91279D}.Release|Any CPU.ActiveCfg = Release|Any CPU
		{DCE516D6-26DD-4DAA-9AF9-09936F91279D}.Release|Any CPU.Build.0 = Release|Any CPU
		{DCE516D6-26DD-4DAA-9AF9-09936F91279D}.Release|Any CPU.Deploy.0 = Release|Any CPU
		{8CBD7876-8033-4AD4-AE50-8C121DC3E31E}.Debug|Any CPU.ActiveCfg = Debug|Any CPU
		{8CBD7876-8033-4AD4-AE50-8C121DC3E31E}.Debug|Any CPU.Build.0 = Debug|Any CPU
		{8CBD7876-8033-4AD4-AE50-8C121DC3E31E}.Debug|Any CPU.Deploy.0 = Debug|Any CPU
		{8CBD7876-8033-4AD4-AE50-8C121DC3E31E}.Release|Any CPU.ActiveCfg = Release|Any CPU
		{8CBD7876-8033-4AD4-AE50-8C121DC3E31E}.Release|Any CPU.Build.0 = Release|Any CPU
		{8CBD7876-8033-4AD4-AE50-8C121DC3E31E}.Release|Any CPU.Deploy.0 = Release|Any CPU
		{1B43A591-F224-4A8B-B50E-53BAF0710B08}.Debug|Any CPU.ActiveCfg = Debug|Any CPU
		{1B43A591-F224-4A8B-B50E-53BAF0710B08}.Debug|Any CPU.Build.0 = Debug|Any CPU
		{1B43A591-F224-4A8B-B50E-53BAF0710B08}.Debug|Any CPU.Deploy.0 = Debug|Any CPU
		{1B43A591-F224-4A8B-B50E-53BAF0710B08}.Release|Any CPU.ActiveCfg = Release|Any CPU
		{1B43A591-F224-4A8B-B50E-53BAF0710B08}.Release|Any CPU.Build.0 = Release|Any CPU
		{1B43A591-F224-4A8B-B50E-53BAF0710B08}.Release|Any CPU.Deploy.0 = Release|Any CPU
		{76669C6F-7687-4C3D-90DD-0206385D36ED}.Debug|Any CPU.ActiveCfg = Debug|Any CPU
		{76669C6F-7687-4C3D-90DD-0206385D36ED}.Debug|Any CPU.Build.0 = Debug|Any CPU
		{76669C6F-7687-4C3D-90DD-0206385D36ED}.Debug|Any CPU.Deploy.0 = Debug|Any CPU
		{76669C6F-7687-4C3D-90DD-0206385D36ED}.Release|Any CPU.ActiveCfg = Release|Any CPU
		{76669C6F-7687-4C3D-90DD-0206385D36ED}.Release|Any CPU.Build.0 = Release|Any CPU
		{76669C6F-7687-4C3D-90DD-0206385D36ED}.Release|Any CPU.Deploy.0 = Release|Any CPU
	EndGlobalSection
	GlobalSection(SolutionProperties) = preSolution
		HideSolutionNode = FALSE
	EndGlobalSection
	GlobalSection(NestedProjects) = preSolution
		{30BA20ED-FB39-43FC-885A-FE7A3D6B7937} = {3F8DB099-3B7E-4314-87AC-637EE6346FAF}
		{0417A9FB-86E7-4AEF-90DE-6D715BC9C7DB} = {3F8DB099-3B7E-4314-87AC-637EE6346FAF}
		{DC65200F-DDCD-40FF-93E9-F12E3CE006C9} = {3F8DB099-3B7E-4314-87AC-637EE6346FAF}
		{C7481CC9-76CE-4782-81EC-C30FB65ECA0E} = {3F8DB099-3B7E-4314-87AC-637EE6346FAF}
		{D3D483FA-9F25-489A-B27A-5A6F0549BE1C} = {3F8DB099-3B7E-4314-87AC-637EE6346FAF}
		{ABAF7EEC-3FF1-4900-A941-F268458DE385} = {3F8DB099-3B7E-4314-87AC-637EE6346FAF}
		{DCE516D6-26DD-4DAA-9AF9-09936F91279D} = {3D8860B5-E55F-4EC3-8FC0-FF9188136CE1}
		{8CBD7876-8033-4AD4-AE50-8C121DC3E31E} = {3D8860B5-E55F-4EC3-8FC0-FF9188136CE1}
		{1B43A591-F224-4A8B-B50E-53BAF0710B08} = {3D8860B5-E55F-4EC3-8FC0-FF9188136CE1}
		{76669C6F-7687-4C3D-90DD-0206385D36ED} = {3D8860B5-E55F-4EC3-8FC0-FF9188136CE1}
	EndGlobalSection
	GlobalSection(ExtensibilityGlobals) = postSolution
		SolutionGuid = {2C11D180-469F-4C9C-B06C-7E12C47EB158}
	EndGlobalSection
EndGlobal
