
Microsoft Visual Studio Solution File, Format Version 12.00
# Visual Studio Version 16
VisualStudioVersion = 16.0.30104.148
MinimumVisualStudioVersion = 10.0.40219.1
Project("{2150E333-8FDC-42A3-9474-1A3956D46DE8}") = "Solution Items", "Solution Items", "{AF7302DA-EC4A-4A77-9092-98DEAB8B4D5C}"
	ProjectSection(SolutionItems) = preProject
		.editorconfig = .editorconfig
	EndProjectSection
EndProject
Project("{9A19103F-16F7-4668-BE54-9A1E7A4F7556}") = "Components", "Components\Components.csproj", "{6142B884-72B0-4941-99BE-BBCCF0C24DA0}"
EndProject
Project("{9A19103F-16F7-4668-BE54-9A1E7A4F7556}") = "ServerStandAlone", "ServerStandAlone\ServerStandAlone.csproj", "{EC61361B-E811-4661-845B-F3DE35E3EBE0}"
EndProject
Project("{9A19103F-16F7-4668-BE54-9A1E7A4F7556}") = "Components.Tests", "Components.Tests\Components.Tests.csproj", "{907B5A53-BB07-4297-8C93-1D24768CAE3E}"
EndProject
Project("{2150E333-8FDC-42A3-9474-1A3956D46DE8}") = "Documentation", "Documentation", "{D5A96A79-CFC9-46F8-9719-9840D7F717A1}"
	ProjectSection(SolutionItems) = preProject
		README.md = README.md
	EndProjectSection
EndProject
Project("{2150E333-8FDC-42A3-9474-1A3956D46DE8}") = "Images", "Images", "{28BA7C9E-11A4-4EE3-8383-AB2DCC32020F}"
EndProject
Project("{9A19103F-16F7-4668-BE54-9A1E7A4F7556}") = "GeneratedGaenFormat", "GaenFormat\GeneratedGaenFormat.csproj", "{4EE95C11-79EE-4ECB-940E-205AA3C4EAC8}"
EndProject
Project("{2150E333-8FDC-42A3-9474-1A3956D46DE8}") = "Applications", "Applications", "{E377E5DF-C352-401F-9857-C18A1726A68F}"
EndProject
Project("{9A19103F-16F7-4668-BE54-9A1E7A4F7556}") = "CdnApi", "CdnApi\CdnApi.csproj", "{1FFCD582-14C8-4A98-8918-2FBC7D2D00EC}"
EndProject
Project("{9A19103F-16F7-4668-BE54-9A1E7A4F7556}") = "CdnDataApi", "CdnDataApi\CdnDataApi.csproj", "{8D6F8E01-ECAC-4DED-A95D-D3D710595F6B}"
EndProject
Project("{9A19103F-16F7-4668-BE54-9A1E7A4F7556}") = "KeyReleaseApi", "KeyReleasePortalApi\KeyReleaseApi.csproj", "{3C9ADA15-5864-4F1F-97B1-046EB800A5F5}"
EndProject
Project("{9A19103F-16F7-4668-BE54-9A1E7A4F7556}") = "WorkflowApi", "KeysLastWorkflowApi\WorkflowApi.csproj", "{DC54D593-4B03-4879-AA7A-5294170AEB49}"
EndProject
Project("{9A19103F-16F7-4668-BE54-9A1E7A4F7556}") = "CdnPusherEngine", "ContentPusherEngine\CdnPusherEngine.csproj", "{7370C505-62CF-4B82-B616-190EBDB311D5}"
EndProject
Project("{9A19103F-16F7-4668-BE54-9A1E7A4F7556}") = "DatabaseProvisioningTool", "DatabaseProvisioningTool\DatabaseProvisioningTool.csproj", "{3966F120-D026-4E4D-A165-752BD5803ED1}"
EndProject
Project("{9A19103F-16F7-4668-BE54-9A1E7A4F7556}") = "EksEngineApi", "EKSEngineApi\EksEngineApi.csproj", "{C9AA366C-852A-4D11-9842-96E9841B2291}"
EndProject
Project("{9A19103F-16F7-4668-BE54-9A1E7A4F7556}") = "IccBackend", "ICCBackend\IccBackend.csproj", "{AC3CB088-A5D1-4CCC-B021-BBBBB60F3464}"
EndProject
Project("{9A19103F-16F7-4668-BE54-9A1E7A4F7556}") = "IccPortalAuthorizer", "ICCPortal\IccPortalAuthorizer.csproj", "{2E5FC398-C354-4D0E-84F3-804411340C65}"
EndProject
Project("{2150E333-8FDC-42A3-9474-1A3956D46DE8}") = "docker", "docker", "{5CB694D0-78E1-4347-BF78-A557E0780125}"
ProjectSection(SolutionItems) = preProject
	docker\README.md = docker\README.md
EndProjectSection
EndProject
Project("{9A19103F-16F7-4668-BE54-9A1E7A4F7556}") = "ScheduledTaskEngine", "ScheduledTaskEngine\ScheduledTaskEngine.csproj", "{2A2DBC89-2150-469B-B224-FC203A11283E}"
EndProject
Project("{9A19103F-16F7-4668-BE54-9A1E7A4F7556}") = "WorkflowStateEngineApi", "WorkflowStateEngineApi\WorkflowStateEngineApi.csproj", "{6E3FC75B-E162-4C27-900B-9DD11BB6FA73}"
EndProject
Project("{9A19103F-16F7-4668-BE54-9A1E7A4F7556}") = "CdnDataPurge", "CdnDataPurge\CdnDataPurge.csproj", "{787F3445-9567-443E-A5DC-FE42E56DEE8E}"
EndProject
Project("{9A19103F-16F7-4668-BE54-9A1E7A4F7556}") = "CdnDataReceiver", "CdnDataReceiver\CdnDataReceiver.csproj", "{B6D16146-262B-4194-8AA5-8D59A551267A}"
EndProject
Project("{2150E333-8FDC-42A3-9474-1A3956D46DE8}") = "BZ", "BZ", "{3F5E808C-4D11-4EE6-A5F9-380F55DC1534}"
EndProject
Project("{2150E333-8FDC-42A3-9474-1A3956D46DE8}") = "DMZ", "DMZ", "{9E29551B-5B8B-4628-9C51-64E24BA82E52}"
EndProject
Project("{2150E333-8FDC-42A3-9474-1A3956D46DE8}") = "Azure", "Azure", "{F4AF3CCD-B69E-4054-A4C7-02868129DA42}"
EndProject
Project("{2150E333-8FDC-42A3-9474-1A3956D46DE8}") = "Tools", "Tools", "{66FE900C-B1F3-4A4F-BFB4-157A788DF8A7}"
EndProject
Project("{2150E333-8FDC-42A3-9474-1A3956D46DE8}") = "DataPower", "DataPower", "{1545A18B-EAA5-487A-90E3-E2CD385C426B}"
EndProject
Project("{2150E333-8FDC-42A3-9474-1A3956D46DE8}") = "Internal", "Internal", "{793E3286-14E7-417B-88E2-EBF82FA74A5C}"
EndProject
Project("{2150E333-8FDC-42A3-9474-1A3956D46DE8}") = "Azure2", "Azure2", "{DAA86E8B-7C3C-4B44-8430-87C1569B3BBE}"
EndProject
Project("{FAE04EC0-301F-11D3-BF4B-00C04F79EFBC}") = "CdnRegionSync", "CdnRegionSync\CdnRegionSync.csproj", "{2C3D61AA-A484-47DF-97B1-513C6ECF1898}"
EndProject
Project("{FAE04EC0-301F-11D3-BF4B-00C04F79EFBC}") = "CdnDataReceiver2", "CdnDataReceiver2\CdnDataReceiver2.csproj", "{CAF2ECF2-A9CF-4027-9B5F-5D8615DDBCB1}"
EndProject
Project("{FAE04EC0-301F-11D3-BF4B-00C04F79EFBC}") = "CdnPusherEngine2", "CdnPusherEngine2\CdnPusherEngine2.csproj", "{530339FC-CB01-4EAA-A03C-CC7894CE03CF}"
EndProject
Global
	GlobalSection(SolutionConfigurationPlatforms) = preSolution
		Debug|Any CPU = Debug|Any CPU
		Release|Any CPU = Release|Any CPU
	EndGlobalSection
	GlobalSection(ProjectConfigurationPlatforms) = postSolution
		{6142B884-72B0-4941-99BE-BBCCF0C24DA0}.Debug|Any CPU.ActiveCfg = Debug|Any CPU
		{6142B884-72B0-4941-99BE-BBCCF0C24DA0}.Debug|Any CPU.Build.0 = Debug|Any CPU
		{6142B884-72B0-4941-99BE-BBCCF0C24DA0}.Release|Any CPU.ActiveCfg = Release|Any CPU
		{6142B884-72B0-4941-99BE-BBCCF0C24DA0}.Release|Any CPU.Build.0 = Release|Any CPU
		{EC61361B-E811-4661-845B-F3DE35E3EBE0}.Debug|Any CPU.ActiveCfg = Debug|Any CPU
		{EC61361B-E811-4661-845B-F3DE35E3EBE0}.Debug|Any CPU.Build.0 = Debug|Any CPU
		{EC61361B-E811-4661-845B-F3DE35E3EBE0}.Release|Any CPU.ActiveCfg = Release|Any CPU
		{EC61361B-E811-4661-845B-F3DE35E3EBE0}.Release|Any CPU.Build.0 = Release|Any CPU
		{907B5A53-BB07-4297-8C93-1D24768CAE3E}.Debug|Any CPU.ActiveCfg = Debug|Any CPU
		{907B5A53-BB07-4297-8C93-1D24768CAE3E}.Debug|Any CPU.Build.0 = Debug|Any CPU
		{907B5A53-BB07-4297-8C93-1D24768CAE3E}.Release|Any CPU.ActiveCfg = Release|Any CPU
		{907B5A53-BB07-4297-8C93-1D24768CAE3E}.Release|Any CPU.Build.0 = Release|Any CPU
		{4EE95C11-79EE-4ECB-940E-205AA3C4EAC8}.Debug|Any CPU.ActiveCfg = Debug|Any CPU
		{4EE95C11-79EE-4ECB-940E-205AA3C4EAC8}.Debug|Any CPU.Build.0 = Debug|Any CPU
		{4EE95C11-79EE-4ECB-940E-205AA3C4EAC8}.Release|Any CPU.ActiveCfg = Release|Any CPU
		{4EE95C11-79EE-4ECB-940E-205AA3C4EAC8}.Release|Any CPU.Build.0 = Release|Any CPU
		{1FFCD582-14C8-4A98-8918-2FBC7D2D00EC}.Debug|Any CPU.ActiveCfg = Debug|Any CPU
		{1FFCD582-14C8-4A98-8918-2FBC7D2D00EC}.Debug|Any CPU.Build.0 = Debug|Any CPU
		{1FFCD582-14C8-4A98-8918-2FBC7D2D00EC}.Release|Any CPU.ActiveCfg = Release|Any CPU
		{1FFCD582-14C8-4A98-8918-2FBC7D2D00EC}.Release|Any CPU.Build.0 = Release|Any CPU
		{8D6F8E01-ECAC-4DED-A95D-D3D710595F6B}.Debug|Any CPU.ActiveCfg = Debug|Any CPU
		{8D6F8E01-ECAC-4DED-A95D-D3D710595F6B}.Debug|Any CPU.Build.0 = Debug|Any CPU
		{8D6F8E01-ECAC-4DED-A95D-D3D710595F6B}.Release|Any CPU.ActiveCfg = Release|Any CPU
		{8D6F8E01-ECAC-4DED-A95D-D3D710595F6B}.Release|Any CPU.Build.0 = Release|Any CPU
		{3C9ADA15-5864-4F1F-97B1-046EB800A5F5}.Debug|Any CPU.ActiveCfg = Debug|Any CPU
		{3C9ADA15-5864-4F1F-97B1-046EB800A5F5}.Debug|Any CPU.Build.0 = Debug|Any CPU
		{3C9ADA15-5864-4F1F-97B1-046EB800A5F5}.Release|Any CPU.ActiveCfg = Release|Any CPU
		{3C9ADA15-5864-4F1F-97B1-046EB800A5F5}.Release|Any CPU.Build.0 = Release|Any CPU
		{DC54D593-4B03-4879-AA7A-5294170AEB49}.Debug|Any CPU.ActiveCfg = Debug|Any CPU
		{DC54D593-4B03-4879-AA7A-5294170AEB49}.Debug|Any CPU.Build.0 = Debug|Any CPU
		{DC54D593-4B03-4879-AA7A-5294170AEB49}.Release|Any CPU.ActiveCfg = Release|Any CPU
		{DC54D593-4B03-4879-AA7A-5294170AEB49}.Release|Any CPU.Build.0 = Release|Any CPU
		{7370C505-62CF-4B82-B616-190EBDB311D5}.Debug|Any CPU.ActiveCfg = Debug|Any CPU
		{7370C505-62CF-4B82-B616-190EBDB311D5}.Debug|Any CPU.Build.0 = Debug|Any CPU
		{7370C505-62CF-4B82-B616-190EBDB311D5}.Release|Any CPU.ActiveCfg = Release|Any CPU
		{7370C505-62CF-4B82-B616-190EBDB311D5}.Release|Any CPU.Build.0 = Release|Any CPU
		{3966F120-D026-4E4D-A165-752BD5803ED1}.Debug|Any CPU.ActiveCfg = Debug|Any CPU
		{3966F120-D026-4E4D-A165-752BD5803ED1}.Debug|Any CPU.Build.0 = Debug|Any CPU
		{3966F120-D026-4E4D-A165-752BD5803ED1}.Release|Any CPU.ActiveCfg = Release|Any CPU
		{3966F120-D026-4E4D-A165-752BD5803ED1}.Release|Any CPU.Build.0 = Release|Any CPU
		{C9AA366C-852A-4D11-9842-96E9841B2291}.Debug|Any CPU.ActiveCfg = Debug|Any CPU
		{C9AA366C-852A-4D11-9842-96E9841B2291}.Debug|Any CPU.Build.0 = Debug|Any CPU
		{C9AA366C-852A-4D11-9842-96E9841B2291}.Release|Any CPU.ActiveCfg = Release|Any CPU
		{C9AA366C-852A-4D11-9842-96E9841B2291}.Release|Any CPU.Build.0 = Release|Any CPU
		{AC3CB088-A5D1-4CCC-B021-BBBBB60F3464}.Debug|Any CPU.ActiveCfg = Debug|Any CPU
		{AC3CB088-A5D1-4CCC-B021-BBBBB60F3464}.Debug|Any CPU.Build.0 = Debug|Any CPU
		{AC3CB088-A5D1-4CCC-B021-BBBBB60F3464}.Release|Any CPU.ActiveCfg = Release|Any CPU
		{AC3CB088-A5D1-4CCC-B021-BBBBB60F3464}.Release|Any CPU.Build.0 = Release|Any CPU
		{2E5FC398-C354-4D0E-84F3-804411340C65}.Debug|Any CPU.ActiveCfg = Debug|Any CPU
		{2E5FC398-C354-4D0E-84F3-804411340C65}.Debug|Any CPU.Build.0 = Debug|Any CPU
		{2E5FC398-C354-4D0E-84F3-804411340C65}.Release|Any CPU.ActiveCfg = Release|Any CPU
		{2E5FC398-C354-4D0E-84F3-804411340C65}.Release|Any CPU.Build.0 = Release|Any CPU
		{2A2DBC89-2150-469B-B224-FC203A11283E}.Debug|Any CPU.ActiveCfg = Debug|Any CPU
		{2A2DBC89-2150-469B-B224-FC203A11283E}.Debug|Any CPU.Build.0 = Debug|Any CPU
		{2A2DBC89-2150-469B-B224-FC203A11283E}.Release|Any CPU.ActiveCfg = Release|Any CPU
		{2A2DBC89-2150-469B-B224-FC203A11283E}.Release|Any CPU.Build.0 = Release|Any CPU
		{6E3FC75B-E162-4C27-900B-9DD11BB6FA73}.Debug|Any CPU.ActiveCfg = Debug|Any CPU
		{6E3FC75B-E162-4C27-900B-9DD11BB6FA73}.Debug|Any CPU.Build.0 = Debug|Any CPU
		{6E3FC75B-E162-4C27-900B-9DD11BB6FA73}.Release|Any CPU.ActiveCfg = Release|Any CPU
		{6E3FC75B-E162-4C27-900B-9DD11BB6FA73}.Release|Any CPU.Build.0 = Release|Any CPU
		{787F3445-9567-443E-A5DC-FE42E56DEE8E}.Debug|Any CPU.ActiveCfg = Debug|Any CPU
		{787F3445-9567-443E-A5DC-FE42E56DEE8E}.Debug|Any CPU.Build.0 = Debug|Any CPU
		{787F3445-9567-443E-A5DC-FE42E56DEE8E}.Release|Any CPU.ActiveCfg = Release|Any CPU
		{787F3445-9567-443E-A5DC-FE42E56DEE8E}.Release|Any CPU.Build.0 = Release|Any CPU
		{B6D16146-262B-4194-8AA5-8D59A551267A}.Debug|Any CPU.ActiveCfg = Debug|Any CPU
		{B6D16146-262B-4194-8AA5-8D59A551267A}.Debug|Any CPU.Build.0 = Debug|Any CPU
		{B6D16146-262B-4194-8AA5-8D59A551267A}.Release|Any CPU.ActiveCfg = Release|Any CPU
		{B6D16146-262B-4194-8AA5-8D59A551267A}.Release|Any CPU.Build.0 = Release|Any CPU
		{2C3D61AA-A484-47DF-97B1-513C6ECF1898}.Debug|Any CPU.ActiveCfg = Debug|Any CPU
		{2C3D61AA-A484-47DF-97B1-513C6ECF1898}.Debug|Any CPU.Build.0 = Debug|Any CPU
		{2C3D61AA-A484-47DF-97B1-513C6ECF1898}.Release|Any CPU.ActiveCfg = Release|Any CPU
		{2C3D61AA-A484-47DF-97B1-513C6ECF1898}.Release|Any CPU.Build.0 = Release|Any CPU
		{CAF2ECF2-A9CF-4027-9B5F-5D8615DDBCB1}.Debug|Any CPU.ActiveCfg = Debug|Any CPU
		{CAF2ECF2-A9CF-4027-9B5F-5D8615DDBCB1}.Debug|Any CPU.Build.0 = Debug|Any CPU
		{CAF2ECF2-A9CF-4027-9B5F-5D8615DDBCB1}.Release|Any CPU.ActiveCfg = Release|Any CPU
		{CAF2ECF2-A9CF-4027-9B5F-5D8615DDBCB1}.Release|Any CPU.Build.0 = Release|Any CPU
		{530339FC-CB01-4EAA-A03C-CC7894CE03CF}.Debug|Any CPU.ActiveCfg = Debug|Any CPU
		{530339FC-CB01-4EAA-A03C-CC7894CE03CF}.Debug|Any CPU.Build.0 = Debug|Any CPU
		{530339FC-CB01-4EAA-A03C-CC7894CE03CF}.Release|Any CPU.ActiveCfg = Release|Any CPU
		{530339FC-CB01-4EAA-A03C-CC7894CE03CF}.Release|Any CPU.Build.0 = Release|Any CPU
	EndGlobalSection
	GlobalSection(SolutionProperties) = preSolution
		HideSolutionNode = FALSE
	EndGlobalSection
	GlobalSection(NestedProjects) = preSolution
		{D5A96A79-CFC9-46F8-9719-9840D7F717A1} = {AF7302DA-EC4A-4A77-9092-98DEAB8B4D5C}
		{28BA7C9E-11A4-4EE3-8383-AB2DCC32020F} = {D5A96A79-CFC9-46F8-9719-9840D7F717A1}
		{1FFCD582-14C8-4A98-8918-2FBC7D2D00EC} = {F4AF3CCD-B69E-4054-A4C7-02868129DA42}
		{8D6F8E01-ECAC-4DED-A95D-D3D710595F6B} = {793E3286-14E7-417B-88E2-EBF82FA74A5C}
		{3C9ADA15-5864-4F1F-97B1-046EB800A5F5} = {793E3286-14E7-417B-88E2-EBF82FA74A5C}
		{DC54D593-4B03-4879-AA7A-5294170AEB49} = {1545A18B-EAA5-487A-90E3-E2CD385C426B}
		{7370C505-62CF-4B82-B616-190EBDB311D5} = {9E29551B-5B8B-4628-9C51-64E24BA82E52}
		{3966F120-D026-4E4D-A165-752BD5803ED1} = {66FE900C-B1F3-4A4F-BFB4-157A788DF8A7}
		{C9AA366C-852A-4D11-9842-96E9841B2291} = {793E3286-14E7-417B-88E2-EBF82FA74A5C}
		{AC3CB088-A5D1-4CCC-B021-BBBBB60F3464} = {793E3286-14E7-417B-88E2-EBF82FA74A5C}
		{2E5FC398-C354-4D0E-84F3-804411340C65} = {9E29551B-5B8B-4628-9C51-64E24BA82E52}
		{2A2DBC89-2150-469B-B224-FC203A11283E} = {66FE900C-B1F3-4A4F-BFB4-157A788DF8A7}
		{6E3FC75B-E162-4C27-900B-9DD11BB6FA73} = {793E3286-14E7-417B-88E2-EBF82FA74A5C}
		{787F3445-9567-443E-A5DC-FE42E56DEE8E} = {F4AF3CCD-B69E-4054-A4C7-02868129DA42}
		{B6D16146-262B-4194-8AA5-8D59A551267A} = {F4AF3CCD-B69E-4054-A4C7-02868129DA42}
		{3F5E808C-4D11-4EE6-A5F9-380F55DC1534} = {E377E5DF-C352-401F-9857-C18A1726A68F}
		{9E29551B-5B8B-4628-9C51-64E24BA82E52} = {E377E5DF-C352-401F-9857-C18A1726A68F}
		{F4AF3CCD-B69E-4054-A4C7-02868129DA42} = {E377E5DF-C352-401F-9857-C18A1726A68F}
		{66FE900C-B1F3-4A4F-BFB4-157A788DF8A7} = {E377E5DF-C352-401F-9857-C18A1726A68F}
		{1545A18B-EAA5-487A-90E3-E2CD385C426B} = {3F5E808C-4D11-4EE6-A5F9-380F55DC1534}
		{793E3286-14E7-417B-88E2-EBF82FA74A5C} = {3F5E808C-4D11-4EE6-A5F9-380F55DC1534}
		{DAA86E8B-7C3C-4B44-8430-87C1569B3BBE} = {E377E5DF-C352-401F-9857-C18A1726A68F}
		{2C3D61AA-A484-47DF-97B1-513C6ECF1898} = {DAA86E8B-7C3C-4B44-8430-87C1569B3BBE}
		{CAF2ECF2-A9CF-4027-9B5F-5D8615DDBCB1} = {DAA86E8B-7C3C-4B44-8430-87C1569B3BBE}
		{530339FC-CB01-4EAA-A03C-CC7894CE03CF} = {9E29551B-5B8B-4628-9C51-64E24BA82E52}
	EndGlobalSection
	GlobalSection(ExtensibilityGlobals) = postSolution
		SolutionGuid = {2C11D180-469F-4C9C-B06C-7E12C47EB158}
	EndGlobalSection
EndGlobal
