
Microsoft Visual Studio Solution File, Format Version 12.00
# Visual Studio Version 16
VisualStudioVersion = 16.0.30225.117
MinimumVisualStudioVersion = 10.0.40219.1
Project("{2150E333-8FDC-42A3-9474-1A3956D46DE8}") = "Applications", "Applications", "{2360A49D-2696-4AC6-8928-73274BC39749}"
EndProject
Project("{2150E333-8FDC-42A3-9474-1A3956D46DE8}") = "Azure", "Azure", "{6C2D1D9D-E6BC-4E0C-9579-59E199F5F80D}"
EndProject
Project("{9A19103F-16F7-4668-BE54-9A1E7A4F7556}") = "CdnDataReceiver2", "CdnDataReceiver2\CdnDataReceiver2.csproj", "{034116DC-A40F-49B6-9E3C-75CDCD39F70D}"
EndProject
Project("{9A19103F-16F7-4668-BE54-9A1E7A4F7556}") = "Components", "Components\Components.csproj", "{1533FD57-F7F5-445F-A67A-362D7AB1BBD5}"
EndProject
Project("{9A19103F-16F7-4668-BE54-9A1E7A4F7556}") = "GeneratedGaenFormat", "GaenFormat\GeneratedGaenFormat.csproj", "{0138FFE2-8133-4FCE-AC36-BACFAF7E6D95}"
EndProject
Global
	GlobalSection(SolutionConfigurationPlatforms) = preSolution
		Debug|Any CPU = Debug|Any CPU
		Release|Any CPU = Release|Any CPU
	EndGlobalSection
	GlobalSection(ProjectConfigurationPlatforms) = postSolution
		{034116DC-A40F-49B6-9E3C-75CDCD39F70D}.Debug|Any CPU.ActiveCfg = Debug|Any CPU
		{034116DC-A40F-49B6-9E3C-75CDCD39F70D}.Debug|Any CPU.Build.0 = Debug|Any CPU
		{034116DC-A40F-49B6-9E3C-75CDCD39F70D}.Release|Any CPU.ActiveCfg = Release|Any CPU
		{034116DC-A40F-49B6-9E3C-75CDCD39F70D}.Release|Any CPU.Build.0 = Release|Any CPU
		{1533FD57-F7F5-445F-A67A-362D7AB1BBD5}.Debug|Any CPU.ActiveCfg = Debug|Any CPU
		{1533FD57-F7F5-445F-A67A-362D7AB1BBD5}.Debug|Any CPU.Build.0 = Debug|Any CPU
		{1533FD57-F7F5-445F-A67A-362D7AB1BBD5}.Release|Any CPU.ActiveCfg = Release|Any CPU
		{1533FD57-F7F5-445F-A67A-362D7AB1BBD5}.Release|Any CPU.Build.0 = Release|Any CPU
		{0138FFE2-8133-4FCE-AC36-BACFAF7E6D95}.Debug|Any CPU.ActiveCfg = Debug|Any CPU
		{0138FFE2-8133-4FCE-AC36-BACFAF7E6D95}.Debug|Any CPU.Build.0 = Debug|Any CPU
		{0138FFE2-8133-4FCE-AC36-BACFAF7E6D95}.Release|Any CPU.ActiveCfg = Release|Any CPU
		{0138FFE2-8133-4FCE-AC36-BACFAF7E6D95}.Release|Any CPU.Build.0 = Release|Any CPU
	EndGlobalSection
	GlobalSection(SolutionProperties) = preSolution
		HideSolutionNode = FALSE
	EndGlobalSection
	GlobalSection(NestedProjects) = preSolution
		{6C2D1D9D-E6BC-4E0C-9579-59E199F5F80D} = {2360A49D-2696-4AC6-8928-73274BC39749}
		{034116DC-A40F-49B6-9E3C-75CDCD39F70D} = {6C2D1D9D-E6BC-4E0C-9579-59E199F5F80D}
	EndGlobalSection
	GlobalSection(ExtensibilityGlobals) = postSolution
		SolutionGuid = {70A3637A-21DB-431E-91AA-D5E2A131A28A}
	EndGlobalSection
EndGlobal
