
Microsoft Visual Studio Solution File, Format Version 12.00
# Visual Studio Version 16
VisualStudioVersion = 16.0.30104.148
MinimumVisualStudioVersion = 10.0.40219.1
Project("{2150E333-8FDC-42A3-9474-1A3956D46DE8}") = "Solution Items", "Solution Items", "{AF7302DA-EC4A-4A77-9092-98DEAB8B4D5C}"
	ProjectSection(SolutionItems) = preProject
		.editorconfig = .editorconfig
	EndProjectSection
EndProject
Project("{9A19103F-16F7-4668-BE54-9A1E7A4F7556}") = "Components", "Components\Components.csproj", "{6142B884-72B0-4941-99BE-BBCCF0C24DA0}"
EndProject
Project("{9A19103F-16F7-4668-BE54-9A1E7A4F7556}") = "ServerStandAlone", "ServerStandAlone\ServerStandAlone.csproj", "{EC61361B-E811-4661-845B-F3DE35E3EBE0}"
EndProject
Project("{9A19103F-16F7-4668-BE54-9A1E7A4F7556}") = "Components.Tests", "Components.Tests\Components.Tests.csproj", "{907B5A53-BB07-4297-8C93-1D24768CAE3E}"
EndProject
Project("{2150E333-8FDC-42A3-9474-1A3956D46DE8}") = "Documentation", "Documentation", "{D5A96A79-CFC9-46F8-9719-9840D7F717A1}"
	ProjectSection(SolutionItems) = preProject
		README.md = README.md
	EndProjectSection
EndProject
Project("{2150E333-8FDC-42A3-9474-1A3956D46DE8}") = "Images", "Images", "{28BA7C9E-11A4-4EE3-8383-AB2DCC32020F}"
EndProject
Project("{9A19103F-16F7-4668-BE54-9A1E7A4F7556}") = "GeneratedGaenFormat", "GaenFormat\GeneratedGaenFormat.csproj", "{4EE95C11-79EE-4ECB-940E-205AA3C4EAC8}"
EndProject
Project("{2150E333-8FDC-42A3-9474-1A3956D46DE8}") = "Applications", "Applications", "{E377E5DF-C352-401F-9857-C18A1726A68F}"
EndProject
Project("{9A19103F-16F7-4668-BE54-9A1E7A4F7556}") = "CdnApi", "CdnApi\CdnApi.csproj", "{1FFCD582-14C8-4A98-8918-2FBC7D2D00EC}"
EndProject
Project("{9A19103F-16F7-4668-BE54-9A1E7A4F7556}") = "CdnDataApi", "CdnDataApi\CdnDataApi.csproj", "{8D6F8E01-ECAC-4DED-A95D-D3D710595F6B}"
EndProject
Global
	GlobalSection(SolutionConfigurationPlatforms) = preSolution
		Debug|Any CPU = Debug|Any CPU
		Release|Any CPU = Release|Any CPU
	EndGlobalSection
	GlobalSection(ProjectConfigurationPlatforms) = postSolution
		{6142B884-72B0-4941-99BE-BBCCF0C24DA0}.Debug|Any CPU.ActiveCfg = Debug|Any CPU
		{6142B884-72B0-4941-99BE-BBCCF0C24DA0}.Debug|Any CPU.Build.0 = Debug|Any CPU
		{6142B884-72B0-4941-99BE-BBCCF0C24DA0}.Release|Any CPU.ActiveCfg = Release|Any CPU
		{6142B884-72B0-4941-99BE-BBCCF0C24DA0}.Release|Any CPU.Build.0 = Release|Any CPU
		{EC61361B-E811-4661-845B-F3DE35E3EBE0}.Debug|Any CPU.ActiveCfg = Debug|Any CPU
		{EC61361B-E811-4661-845B-F3DE35E3EBE0}.Debug|Any CPU.Build.0 = Debug|Any CPU
		{EC61361B-E811-4661-845B-F3DE35E3EBE0}.Release|Any CPU.ActiveCfg = Release|Any CPU
		{EC61361B-E811-4661-845B-F3DE35E3EBE0}.Release|Any CPU.Build.0 = Release|Any CPU
		{907B5A53-BB07-4297-8C93-1D24768CAE3E}.Debug|Any CPU.ActiveCfg = Debug|Any CPU
		{907B5A53-BB07-4297-8C93-1D24768CAE3E}.Debug|Any CPU.Build.0 = Debug|Any CPU
		{907B5A53-BB07-4297-8C93-1D24768CAE3E}.Release|Any CPU.ActiveCfg = Release|Any CPU
		{907B5A53-BB07-4297-8C93-1D24768CAE3E}.Release|Any CPU.Build.0 = Release|Any CPU
		{4EE95C11-79EE-4ECB-940E-205AA3C4EAC8}.Debug|Any CPU.ActiveCfg = Debug|Any CPU
		{4EE95C11-79EE-4ECB-940E-205AA3C4EAC8}.Debug|Any CPU.Build.0 = Debug|Any CPU
		{4EE95C11-79EE-4ECB-940E-205AA3C4EAC8}.Release|Any CPU.ActiveCfg = Release|Any CPU
		{4EE95C11-79EE-4ECB-940E-205AA3C4EAC8}.Release|Any CPU.Build.0 = Release|Any CPU
		{1FFCD582-14C8-4A98-8918-2FBC7D2D00EC}.Debug|Any CPU.ActiveCfg = Debug|Any CPU
		{1FFCD582-14C8-4A98-8918-2FBC7D2D00EC}.Debug|Any CPU.Build.0 = Debug|Any CPU
		{1FFCD582-14C8-4A98-8918-2FBC7D2D00EC}.Release|Any CPU.ActiveCfg = Release|Any CPU
		{1FFCD582-14C8-4A98-8918-2FBC7D2D00EC}.Release|Any CPU.Build.0 = Release|Any CPU
		{8D6F8E01-ECAC-4DED-A95D-D3D710595F6B}.Debug|Any CPU.ActiveCfg = Debug|Any CPU
		{8D6F8E01-ECAC-4DED-A95D-D3D710595F6B}.Debug|Any CPU.Build.0 = Debug|Any CPU
		{8D6F8E01-ECAC-4DED-A95D-D3D710595F6B}.Release|Any CPU.ActiveCfg = Release|Any CPU
		{8D6F8E01-ECAC-4DED-A95D-D3D710595F6B}.Release|Any CPU.Build.0 = Release|Any CPU
	EndGlobalSection
	GlobalSection(SolutionProperties) = preSolution
		HideSolutionNode = FALSE
	EndGlobalSection
	GlobalSection(NestedProjects) = preSolution
		{D5A96A79-CFC9-46F8-9719-9840D7F717A1} = {AF7302DA-EC4A-4A77-9092-98DEAB8B4D5C}
		{28BA7C9E-11A4-4EE3-8383-AB2DCC32020F} = {D5A96A79-CFC9-46F8-9719-9840D7F717A1}
		{1FFCD582-14C8-4A98-8918-2FBC7D2D00EC} = {E377E5DF-C352-401F-9857-C18A1726A68F}
		{8D6F8E01-ECAC-4DED-A95D-D3D710595F6B} = {E377E5DF-C352-401F-9857-C18A1726A68F}
	EndGlobalSection
	GlobalSection(ExtensibilityGlobals) = postSolution
		SolutionGuid = {2C11D180-469F-4C9C-B06C-7E12C47EB158}
	EndGlobalSection
EndGlobal
