Microsoft Visual Studio Solution File, Format Version 12.00
# Visual Studio Version 16
VisualStudioVersion = 16.0.30104.148
MinimumVisualStudioVersion = 10.0.40219.1
Project("{2150E333-8FDC-42A3-9474-1A3956D46DE8}") = "Solution Items", "Solution Items", "{AF7302DA-EC4A-4A77-9092-98DEAB8B4D5C}"
	ProjectSection(SolutionItems) = preProject
		.dockerignore = .dockerignore
		..\.gitignore = ..\.gitignore
		appsettings.release.json = appsettings.release.json
		azure-pipelines.yml = azure-pipelines.yml
		build.bat = build.bat
		CodeMap2.dgml = CodeMap2.dgml
		copy-CIBG-configs.bat = copy-CIBG-configs.bat
		deploy-example.bat = deploy-example.bat
		Deprecated - package.bat = Deprecated - package.bat
		Main Code Map.dgml = Main Code Map.dgml
		package-CIBG.bat = package-CIBG.bat
	EndProjectSection
EndProject
Project("{9A19103F-16F7-4668-BE54-9A1E7A4F7556}") = "Core.EntityFramework", "Core.EntityFramework\Core.EntityFramework.csproj", "{6142B884-72B0-4941-99BE-BBCCF0C24DA0}"
EndProject
Project("{2150E333-8FDC-42A3-9474-1A3956D46DE8}") = "Documentation", "Documentation", "{D5A96A79-CFC9-46F8-9719-9840D7F717A1}"
	ProjectSection(SolutionItems) = preProject
		README.md = README.md
	EndProjectSection
EndProject
Project("{9A19103F-16F7-4668-BE54-9A1E7A4F7556}") = "Eks.Protobuf", "Eks.Protobuf\Eks.Protobuf.csproj", "{4EE95C11-79EE-4ECB-940E-205AA3C4EAC8}"
EndProject
Project("{9A19103F-16F7-4668-BE54-9A1E7A4F7556}") = "MobileAppApi.WebApi", "MobileAppApi.WebApi\MobileAppApi.WebApi.csproj", "{95720B76-7BA9-4193-B0F5-DF37A5243C8E}"
EndProject
Project("{9A19103F-16F7-4668-BE54-9A1E7A4F7556}") = "Icc.WebApi", "Icc.WebApi\Icc.WebApi.csproj", "{9264A5F7-F13E-474E-90EC-DA9DDE1FF5CE}"
EndProject
Project("{2150E333-8FDC-42A3-9474-1A3956D46DE8}") = "docker", "docker", "{5CB694D0-78E1-4347-BF78-A557E0780125}"
	ProjectSection(SolutionItems) = preProject
		docker\docker-compose.yml = docker\docker-compose.yml
		docker\README.md = docker\README.md
	EndProjectSection
EndProject
Project("{9A19103F-16F7-4668-BE54-9A1E7A4F7556}") = "Content.WebApi", "Content.WebApi\Content.WebApi.csproj", "{E9B743F3-6643-4BD6-A136-2887F64A5BEB}"
EndProject
Project("{9A19103F-16F7-4668-BE54-9A1E7A4F7556}") = "EksEngine", "EksEngine\EksEngine.csproj", "{6ECE2AC5-70BD-430C-BD4C-641C2F822A66}"
EndProject
Project("{9A19103F-16F7-4668-BE54-9A1E7A4F7556}") = "ManifestEngine", "ManifestEngine\ManifestEngine.csproj", "{12423599-13FB-4BFF-8057-CF11032A01C3}"
EndProject
Project("{9A19103F-16F7-4668-BE54-9A1E7A4F7556}") = "GenTeks", "GenTeks\GenTeks.csproj", "{E2ABA44D-D6D6-4BBA-B725-B4A067C246A8}"
EndProject
Project("{2150E333-8FDC-42A3-9474-1A3956D46DE8}") = "Tools", "Tools", "{3F8DB099-3B7E-4314-87AC-637EE6346FAF}"
EndProject
Project("{9A19103F-16F7-4668-BE54-9A1E7A4F7556}") = "MobileAppApi.Tests", "MobileAppApi.Tests\MobileAppApi.Tests.csproj", "{80D5171E-9DFF-4B0A-AE25-DB149E9E81A8}"
EndProject
Project("{9A19103F-16F7-4668-BE54-9A1E7A4F7556}") = "ForceTekAuth", "ForceTekAuth\ForceTekAuth.csproj", "{6B733BF4-606C-437D-A26E-55ED2DA7D2E1}"
EndProject
Project("{9A19103F-16F7-4668-BE54-9A1E7A4F7556}") = "SigTestFileCreator", "SigTestFileCreator\SigTestFileCreator.csproj", "{C3EE8466-EC99-4A5C-8FD0-E37A17FF2133}"
EndProject
Project("{9A19103F-16F7-4668-BE54-9A1E7A4F7556}") = "Eks.Parser", "Eks.Parser\Eks.Parser.csproj", "{2AE563BA-023C-40B7-B955-3EACB9F6478E}"
EndProject
Project("{9A19103F-16F7-4668-BE54-9A1E7A4F7556}") = "DailyCleanup", "DailyCleanup\DailyCleanup.csproj", "{C2A66519-F947-4B57-9C21-42AB3FE48EA0}"
EndProject
Project("{2150E333-8FDC-42A3-9474-1A3956D46DE8}") = "Databases", "Databases", "{3D8860B5-E55F-4EC3-8FC0-FF9188136CE1}"
EndProject
Project("{00D1A9C2-B5F0-4AF3-8072-F6C62B433612}") = "Content", "Database\Content\Content.sqlproj", "{DCE516D6-26DD-4DAA-9AF9-09936F91279D}"
EndProject
Project("{00D1A9C2-B5F0-4AF3-8072-F6C62B433612}") = "PublishingJob", "Database\PublishingJob\PublishingJob.sqlproj", "{8CBD7876-8033-4AD4-AE50-8C121DC3E31E}"
EndProject
Project("{00D1A9C2-B5F0-4AF3-8072-F6C62B433612}") = "Statistics", "Database\Statistics\Statistics.sqlproj", "{1B43A591-F224-4A8B-B50E-53BAF0710B08}"
EndProject
Project("{00D1A9C2-B5F0-4AF3-8072-F6C62B433612}") = "WorkFlow", "Database\WorkFlow\WorkFlow.sqlproj", "{76669C6F-7687-4C3D-90DD-0206385D36ED}"
EndProject
Project("{00D1A9C2-B5F0-4AF3-8072-F6C62B433612}") = "DataProtectionKeys", "Database\DataProtectionKeys\DataProtectionKeys.sqlproj", "{CF8CB421-3554-4647-A9F0-55DBB8390BDE}"
EndProject
Project("{9A19103F-16F7-4668-BE54-9A1E7A4F7556}") = "TestFramework", "TestFramework\TestFramework.csproj", "{D7BCA597-3ECA-4AA1-AB7C-252D9547A7D2}"
EndProject
Project("{9A19103F-16F7-4668-BE54-9A1E7A4F7556}") = "ManifestEngine.Tests", "ManifestEngine.Tests\ManifestEngine.Tests.csproj", "{0D0A4401-8F45-4A8A-942D-F0E98C47F10F}"
EndProject
Project("{9A19103F-16F7-4668-BE54-9A1E7A4F7556}") = "EksEngine.Tests", "EksEngine.Tests\EksEngine.Tests.csproj", "{B1367247-E27B-481E-9EE3-28396FEA539C}"
EndProject
Project("{00D1A9C2-B5F0-4AF3-8072-F6C62B433612}") = "DiagnosisKeys", "Database\DiagnosisKeys\DiagnosisKeys.sqlproj", "{AB93BB3F-A599-422A-A4A9-2E8C83013A51}"
EndProject
Project("{00D1A9C2-B5F0-4AF3-8072-F6C62B433612}") = "IksIn", "Database\IksIn\IksIn.sqlproj", "{8BDFECC9-F38C-4C19-8C71-B728AC4537AD}"
EndProject
Project("{00D1A9C2-B5F0-4AF3-8072-F6C62B433612}") = "IksOut", "Database\IksOut\IksOut.sqlproj", "{35B037B5-DC5B-4A81-8D89-AC68A80BAD5A}"
EndProject
Project("{00D1A9C2-B5F0-4AF3-8072-F6C62B433612}") = "IksPublishingJob", "Database\IksPublishingJob\IksPublishingJob.sqlproj", "{B2903BFD-1520-4899-BC86-553DFD49269C}"
EndProject
Project("{9A19103F-16F7-4668-BE54-9A1E7A4F7556}") = "Iks.Downloader", "Iks.Downloader\Iks.Downloader.csproj", "{1875D845-E2D2-49AE-ACEB-AFC098E40466}"
EndProject
Project("{9A19103F-16F7-4668-BE54-9A1E7A4F7556}") = "Iks.Uploader", "Iks.Uploader\Iks.Uploader.csproj", "{8F5361B1-EB29-4222-8424-CD12B8F8E8D6}"
EndProject
Project("{9A19103F-16F7-4668-BE54-9A1E7A4F7556}") = "MobileAppApi.Entities", "MobileAppApi.Entities\MobileAppApi.Entities.csproj", "{5F522AFF-98E7-4607-978C-ABAB99B7A685}"
EndProject
Project("{9A19103F-16F7-4668-BE54-9A1E7A4F7556}") = "Core", "Core\Core.csproj", "{208B2F94-0B7B-4EB5-80AB-1C30F22B4057}"
EndProject
Project("{9A19103F-16F7-4668-BE54-9A1E7A4F7556}") = "MobileAppApi.EntityFramework", "MobileAppApi.EntityFramework\MobileAppApi.EntityFramework.csproj", "{85A2B9CB-C09E-4FCE-ABBD-725DFEF8834D}"
EndProject
Project("{9A19103F-16F7-4668-BE54-9A1E7A4F7556}") = "Content.Entities", "Content.Entities\Content.Entities.csproj", "{F592DCA1-443A-499A-AABB-8EC19C32D0C2}"
EndProject
Project("{9A19103F-16F7-4668-BE54-9A1E7A4F7556}") = "Content.EntityFramework", "Content.EntityFramework\Content.EntityFramework.csproj", "{B8A380DF-BBF0-4BFC-BB94-CA7B5D462B41}"
EndProject
Project("{9A19103F-16F7-4668-BE54-9A1E7A4F7556}") = "DiagnosisKeys.Entities", "DiagnosisKeys.Entities\DiagnosisKeys.Entities.csproj", "{172B81ED-D3F5-401A-ACE2-C268C2683158}"
EndProject
Project("{9A19103F-16F7-4668-BE54-9A1E7A4F7556}") = "DiagnosisKeys.EntityFramework", "DiagnosisKeys.EntityFramework\DiagnosisKeys.EntityFramework.csproj", "{79E34ACB-8CED-4665-908C-3D2A68BF58B6}"
EndProject
Project("{9A19103F-16F7-4668-BE54-9A1E7A4F7556}") = "AspNet.DataProtection.EntityFramework", "AspNet.DataProtection.Entities\AspNet.DataProtection.EntityFramework.csproj", "{491AB2C1-1B84-4743-8198-204F05B27A78}"
EndProject
Project("{9A19103F-16F7-4668-BE54-9A1E7A4F7556}") = "Eks.Publishing.Entities", "Eks.Publishing.Entities\Eks.Publishing.Entities.csproj", "{8164CDEA-1A05-49FE-B9C9-E682633F1AA2}"
EndProject
Project("{9A19103F-16F7-4668-BE54-9A1E7A4F7556}") = "Eks.Publishing.EntityFramework", "Eks.Publishing.EntityFramework\Eks.Publishing.EntityFramework.csproj", "{F9FC6957-6094-4EF6-8369-EA67693B1B99}"
EndProject
Project("{9A19103F-16F7-4668-BE54-9A1E7A4F7556}") = "Iks.Downloader.Entities", "Iks.Downloader.Entities\Iks.Downloader.Entities.csproj", "{A9F508A6-7D56-4B5C-A645-F0733FB1DB56}"
EndProject
Project("{9A19103F-16F7-4668-BE54-9A1E7A4F7556}") = "Iks.Downloader.EntityFramework", "Iks.Downloader.EntityFramework\Iks.Downloader.EntityFramework.csproj", "{FFAC68B2-655F-4609-A249-9EE92C845E24}"
EndProject
Project("{9A19103F-16F7-4668-BE54-9A1E7A4F7556}") = "Iks.Uploader.Entities", "Iks.Uploader.Entities\Iks.Uploader.Entities.csproj", "{428C13D6-461F-48E4-9C2B-D286EA36EDA3}"
EndProject
Project("{9A19103F-16F7-4668-BE54-9A1E7A4F7556}") = "Iks.Uploader.EntityFramework", "Iks.Uploader.EntityFramework\Iks.Uploader.EntityFramework.csproj", "{A731B7F2-83E5-4B0C-BC12-FF100014BD0B}"
EndProject
Project("{9A19103F-16F7-4668-BE54-9A1E7A4F7556}") = "Iks.Publishing.Entities", "Iks.Publishing.Entities\Iks.Publishing.Entities.csproj", "{D7057933-2A2D-4181-B7DF-62AE4C969E6A}"
EndProject
Project("{9A19103F-16F7-4668-BE54-9A1E7A4F7556}") = "Iks.Publishing.EntityFramework", "Iks.Publishing.EntityFramework\Iks.Publishing.EntityFramework.csproj", "{C2D42562-860F-488B-9022-532E717C9D1B}"
EndProject
Project("{9A19103F-16F7-4668-BE54-9A1E7A4F7556}") = "Stats.Entities", "Stats.Entities\Stats.Entities.csproj", "{90EAB53C-C8AA-4500-B960-2E83E69E3551}"
EndProject
Project("{9A19103F-16F7-4668-BE54-9A1E7A4F7556}") = "Stats.EntityFramework", "Stats.EntityFramework\Stats.EntityFramework.csproj", "{60320E64-20C1-4B56-ADA8-4C316D29148A}"
EndProject
Project("{9A19103F-16F7-4668-BE54-9A1E7A4F7556}") = "Icc.Commands", "Icc.Commands\Icc.Commands.csproj", "{201F23D3-CC4D-46F0-ADC5-259520BAA0E0}"
EndProject
Project("{9A19103F-16F7-4668-BE54-9A1E7A4F7556}") = "Icc.Commands.Tests", "Icc.Commands.Tests\Icc.Commands.Tests.csproj", "{E62A3914-9A82-4CF3-9ECA-BE898FB84422}"
EndProject
Project("{9A19103F-16F7-4668-BE54-9A1E7A4F7556}") = "Domain", "Domain\Domain.csproj", "{7EF3DC84-57C7-47D9-9DEC-E94558B1AFC0}"
EndProject
Project("{9A19103F-16F7-4668-BE54-9A1E7A4F7556}") = "MobileAppApi.Commands", "MobileAppApi.Commands\MobileAppApi.Commands.csproj", "{9BC13105-9A51-4382-94B6-36A17C2A24FB}"
EndProject
Project("{9A19103F-16F7-4668-BE54-9A1E7A4F7556}") = "TestDataGeneration.Commands", "TestDataGeneration.Commands\TestDataGeneration.Commands.csproj", "{30144375-4118-4A8E-9C78-55BB4C1C9E1D}"
EndProject
Project("{9A19103F-16F7-4668-BE54-9A1E7A4F7556}") = "Manifest.Commands", "Manifest.Commands\Manifest.Commands.csproj", "{7337E1AF-88FB-4789-8498-7699044C958B}"
EndProject
Project("{9A19103F-16F7-4668-BE54-9A1E7A4F7556}") = "Manifest.Commands.Tests", "Manifest.Commands.Tests\Manifest.Commands.Tests.csproj", "{983D17A4-31F5-4BA1-87BC-AA5225C69C0E}"
EndProject
Project("{9A19103F-16F7-4668-BE54-9A1E7A4F7556}") = "Content.Commands", "Content.Commands\Content.Commands.csproj", "{3E8211EB-36FC-4CD1-BAF5-0BD4E9A05721}"
EndProject
Project("{9A19103F-16F7-4668-BE54-9A1E7A4F7556}") = "Content.Commands.Tests", "Content.Commands.Tests\Content.Commands.Tests.csproj", "{AA3BC0C5-9F40-4C1C-9F6F-0DD1AFC89480}"
EndProject
Project("{9A19103F-16F7-4668-BE54-9A1E7A4F7556}") = "Eks.Commands", "Eks.Commands\Eks.Commands.csproj", "{3F358EE4-A249-4FEA-BA6A-62D193CC0539}"
EndProject
Project("{9A19103F-16F7-4668-BE54-9A1E7A4F7556}") = "DiagnosisKeys.Processors", "DiagnosisKeys.Processors\DiagnosisKeys.Processors.csproj", "{CB098768-3539-4824-9144-A619AA1FF9D0}"
EndProject
Project("{9A19103F-16F7-4668-BE54-9A1E7A4F7556}") = "Iks.Commands", "Iks.Commands\Iks.Commands.csproj", "{17CC2BAD-B68D-4397-864A-CF2DBF95E53B}"
EndProject
Project("{9A19103F-16F7-4668-BE54-9A1E7A4F7556}") = "Crypto", "Crypto\Crypto.csproj", "{3864B677-9901-4B02-B73D-74897ED75379}"
EndProject
Project("{9A19103F-16F7-4668-BE54-9A1E7A4F7556}") = "Iks.Commands.Tests", "Iks.Commands.Tests\Iks.Commands.Tests.csproj", "{09E02122-6F5A-4854-9FD6-37F54464C4F0}"
EndProject
Project("{9A19103F-16F7-4668-BE54-9A1E7A4F7556}") = "Core.ConsoleApps", "Core.ConsoleApps\Core.ConsoleApps.csproj", "{E4106746-299D-4B93-92C2-97BC8DBA7C27}"
EndProject
Project("{9A19103F-16F7-4668-BE54-9A1E7A4F7556}") = "Core.AspNet", "Core.AspNet\Core.AspNet.csproj", "{18EC9E9E-AB75-4A26-A475-36A98A4BB5A9}"
EndProject
Project("{9A19103F-16F7-4668-BE54-9A1E7A4F7556}") = "Stats.Commands", "Stats.Commands\Stats.Commands.csproj", "{BBC8BCB6-8AF2-4CD2-A007-0D3A727568C5}"
EndProject
Project("{9A19103F-16F7-4668-BE54-9A1E7A4F7556}") = "Stats.Commands.Tests", "Stats.Commands.Tests\Stats.Commands.Tests.csproj", "{6A16A550-9562-49AD-97A8-0E45DE68B96B}"
EndProject
Project("{9A19103F-16F7-4668-BE54-9A1E7A4F7556}") = "Crypto.Tests", "Crypto.Tests\Crypto.Tests.csproj", "{C791F5C4-B226-49D8-B6EA-90F368DCB31F}"
EndProject
Project("{9A19103F-16F7-4668-BE54-9A1E7A4F7556}") = "Domain.Tests", "Domain.Tests\Domain.Tests.csproj", "{F798B6DE-4CA5-4C06-9AB6-D94DFC7DF819}"
EndProject
Project("{9A19103F-16F7-4668-BE54-9A1E7A4F7556}") = "Core.Tests", "Core.Tests\Core.Tests.csproj", "{C572A7E5-F771-43A8-BDE4-3279E041D39F}"
EndProject
Project("{9A19103F-16F7-4668-BE54-9A1E7A4F7556}") = "Core.AspNet.Tests", "Core.AspNet.Tests\Core.AspNet.Tests.csproj", "{534EC211-E342-4DDC-9C10-14331808E139}"
EndProject
Project("{2150E333-8FDC-42A3-9474-1A3956D46DE8}") = "Apps", "Apps", "{CF7C78F1-DA31-4F98-8C1B-525E8EED6F27}"
EndProject
Project("{9A19103F-16F7-4668-BE54-9A1E7A4F7556}") = "Iks.Protobuf", "Iks.Protobuf\Iks.Protobuf.csproj", "{98B48918-654A-493C-82AE-EBF4ACEEEC04}"
EndProject
Project("{9A19103F-16F7-4668-BE54-9A1E7A4F7556}") = "PublishContent", "PublishContent\PublishContent.csproj", "{BD9F295D-A637-4352-A91C-912D5B9A1EFD}"
EndProject
Project("{9A19103F-16F7-4668-BE54-9A1E7A4F7556}") = "Icc.v2.WebApi", "Icc.v2.WebApi\Icc.v2.WebApi.csproj", "{280A730C-1DA6-43B6-8001-244D2046E0D2}"
EndProject
Project("{9A19103F-16F7-4668-BE54-9A1E7A4F7556}") = "Icc.WebApp", "Icc.WebApp\Icc.WebApp.csproj", "{B701DAD1-CD0E-4E25-B47F-53211653D1EA}"
EndProject
Project("{9A19103F-16F7-4668-BE54-9A1E7A4F7556}") = "Icc.WebApp.Tests", "Icc.WebApp.Tests\Icc.WebApp.Tests.csproj", "{48C49D2C-3123-4D03-84C1-DEB7B04C7175}"
EndProject
Project("{9A19103F-16F7-4668-BE54-9A1E7A4F7556}") = "Icc.v2.WebApi.Tests", "Icc.v2.WebApi.Tests\Icc.v2.WebApi.Tests.csproj", "{10D67DE2-5BE7-43C2-8782-4611F3D4A8A6}"
EndProject
Project("{9A19103F-16F7-4668-BE54-9A1E7A4F7556}") = "ManagementPortal", "ManagementPortal\ManagementPortal.csproj", "{275CFD7A-CFED-4729-BCA3-4F22430AF288}"
EndProject
Project("{9A19103F-16F7-4668-BE54-9A1E7A4F7556}") = "DbProvision", "DbProvision\DbProvision.csproj", "{6C446229-28F6-4386-881F-9C6955288EE2}"
EndProject
Global
	GlobalSection(SolutionConfigurationPlatforms) = preSolution
		Debug|Any CPU = Debug|Any CPU
		Release|Any CPU = Release|Any CPU
	EndGlobalSection
	GlobalSection(ProjectConfigurationPlatforms) = postSolution
		{6142B884-72B0-4941-99BE-BBCCF0C24DA0}.Debug|Any CPU.ActiveCfg = Debug|Any CPU
		{6142B884-72B0-4941-99BE-BBCCF0C24DA0}.Debug|Any CPU.Build.0 = Debug|Any CPU
		{6142B884-72B0-4941-99BE-BBCCF0C24DA0}.Release|Any CPU.ActiveCfg = Release|Any CPU
		{6142B884-72B0-4941-99BE-BBCCF0C24DA0}.Release|Any CPU.Build.0 = Release|Any CPU
		{4EE95C11-79EE-4ECB-940E-205AA3C4EAC8}.Debug|Any CPU.ActiveCfg = Debug|Any CPU
		{4EE95C11-79EE-4ECB-940E-205AA3C4EAC8}.Debug|Any CPU.Build.0 = Debug|Any CPU
		{4EE95C11-79EE-4ECB-940E-205AA3C4EAC8}.Release|Any CPU.ActiveCfg = Release|Any CPU
		{4EE95C11-79EE-4ECB-940E-205AA3C4EAC8}.Release|Any CPU.Build.0 = Release|Any CPU
		{95720B76-7BA9-4193-B0F5-DF37A5243C8E}.Debug|Any CPU.ActiveCfg = Debug|Any CPU
		{95720B76-7BA9-4193-B0F5-DF37A5243C8E}.Debug|Any CPU.Build.0 = Debug|Any CPU
		{95720B76-7BA9-4193-B0F5-DF37A5243C8E}.Release|Any CPU.ActiveCfg = Release|Any CPU
		{95720B76-7BA9-4193-B0F5-DF37A5243C8E}.Release|Any CPU.Build.0 = Release|Any CPU
		{9264A5F7-F13E-474E-90EC-DA9DDE1FF5CE}.Debug|Any CPU.ActiveCfg = Debug|Any CPU
		{9264A5F7-F13E-474E-90EC-DA9DDE1FF5CE}.Debug|Any CPU.Build.0 = Debug|Any CPU
		{9264A5F7-F13E-474E-90EC-DA9DDE1FF5CE}.Release|Any CPU.ActiveCfg = Release|Any CPU
		{9264A5F7-F13E-474E-90EC-DA9DDE1FF5CE}.Release|Any CPU.Build.0 = Release|Any CPU
		{E9B743F3-6643-4BD6-A136-2887F64A5BEB}.Debug|Any CPU.ActiveCfg = Debug|Any CPU
		{E9B743F3-6643-4BD6-A136-2887F64A5BEB}.Debug|Any CPU.Build.0 = Debug|Any CPU
		{E9B743F3-6643-4BD6-A136-2887F64A5BEB}.Release|Any CPU.ActiveCfg = Release|Any CPU
		{E9B743F3-6643-4BD6-A136-2887F64A5BEB}.Release|Any CPU.Build.0 = Release|Any CPU
		{6ECE2AC5-70BD-430C-BD4C-641C2F822A66}.Debug|Any CPU.ActiveCfg = Debug|Any CPU
		{6ECE2AC5-70BD-430C-BD4C-641C2F822A66}.Debug|Any CPU.Build.0 = Debug|Any CPU
		{6ECE2AC5-70BD-430C-BD4C-641C2F822A66}.Release|Any CPU.ActiveCfg = Release|Any CPU
		{6ECE2AC5-70BD-430C-BD4C-641C2F822A66}.Release|Any CPU.Build.0 = Release|Any CPU
		{12423599-13FB-4BFF-8057-CF11032A01C3}.Debug|Any CPU.ActiveCfg = Debug|Any CPU
		{12423599-13FB-4BFF-8057-CF11032A01C3}.Debug|Any CPU.Build.0 = Debug|Any CPU
		{12423599-13FB-4BFF-8057-CF11032A01C3}.Release|Any CPU.ActiveCfg = Release|Any CPU
		{12423599-13FB-4BFF-8057-CF11032A01C3}.Release|Any CPU.Build.0 = Release|Any CPU
		{E2ABA44D-D6D6-4BBA-B725-B4A067C246A8}.Debug|Any CPU.ActiveCfg = Debug|Any CPU
		{E2ABA44D-D6D6-4BBA-B725-B4A067C246A8}.Debug|Any CPU.Build.0 = Debug|Any CPU
		{E2ABA44D-D6D6-4BBA-B725-B4A067C246A8}.Release|Any CPU.ActiveCfg = Release|Any CPU
		{E2ABA44D-D6D6-4BBA-B725-B4A067C246A8}.Release|Any CPU.Build.0 = Release|Any CPU
		{80D5171E-9DFF-4B0A-AE25-DB149E9E81A8}.Debug|Any CPU.ActiveCfg = Debug|Any CPU
		{80D5171E-9DFF-4B0A-AE25-DB149E9E81A8}.Debug|Any CPU.Build.0 = Debug|Any CPU
		{80D5171E-9DFF-4B0A-AE25-DB149E9E81A8}.Release|Any CPU.ActiveCfg = Release|Any CPU
		{80D5171E-9DFF-4B0A-AE25-DB149E9E81A8}.Release|Any CPU.Build.0 = Release|Any CPU
		{6B733BF4-606C-437D-A26E-55ED2DA7D2E1}.Debug|Any CPU.ActiveCfg = Debug|Any CPU
		{6B733BF4-606C-437D-A26E-55ED2DA7D2E1}.Debug|Any CPU.Build.0 = Debug|Any CPU
		{6B733BF4-606C-437D-A26E-55ED2DA7D2E1}.Release|Any CPU.ActiveCfg = Release|Any CPU
		{6B733BF4-606C-437D-A26E-55ED2DA7D2E1}.Release|Any CPU.Build.0 = Release|Any CPU
		{C3EE8466-EC99-4A5C-8FD0-E37A17FF2133}.Debug|Any CPU.ActiveCfg = Debug|Any CPU
		{C3EE8466-EC99-4A5C-8FD0-E37A17FF2133}.Debug|Any CPU.Build.0 = Debug|Any CPU
		{C3EE8466-EC99-4A5C-8FD0-E37A17FF2133}.Release|Any CPU.ActiveCfg = Release|Any CPU
		{C3EE8466-EC99-4A5C-8FD0-E37A17FF2133}.Release|Any CPU.Build.0 = Release|Any CPU
		{2AE563BA-023C-40B7-B955-3EACB9F6478E}.Debug|Any CPU.ActiveCfg = Debug|Any CPU
		{2AE563BA-023C-40B7-B955-3EACB9F6478E}.Debug|Any CPU.Build.0 = Debug|Any CPU
		{2AE563BA-023C-40B7-B955-3EACB9F6478E}.Release|Any CPU.ActiveCfg = Release|Any CPU
		{2AE563BA-023C-40B7-B955-3EACB9F6478E}.Release|Any CPU.Build.0 = Release|Any CPU
		{C2A66519-F947-4B57-9C21-42AB3FE48EA0}.Debug|Any CPU.ActiveCfg = Debug|Any CPU
		{C2A66519-F947-4B57-9C21-42AB3FE48EA0}.Debug|Any CPU.Build.0 = Debug|Any CPU
		{C2A66519-F947-4B57-9C21-42AB3FE48EA0}.Release|Any CPU.ActiveCfg = Release|Any CPU
		{C2A66519-F947-4B57-9C21-42AB3FE48EA0}.Release|Any CPU.Build.0 = Release|Any CPU
		{DCE516D6-26DD-4DAA-9AF9-09936F91279D}.Debug|Any CPU.ActiveCfg = Debug|Any CPU
		{DCE516D6-26DD-4DAA-9AF9-09936F91279D}.Debug|Any CPU.Build.0 = Debug|Any CPU
		{DCE516D6-26DD-4DAA-9AF9-09936F91279D}.Debug|Any CPU.Deploy.0 = Debug|Any CPU
		{DCE516D6-26DD-4DAA-9AF9-09936F91279D}.Release|Any CPU.ActiveCfg = Release|Any CPU
		{DCE516D6-26DD-4DAA-9AF9-09936F91279D}.Release|Any CPU.Build.0 = Release|Any CPU
		{DCE516D6-26DD-4DAA-9AF9-09936F91279D}.Release|Any CPU.Deploy.0 = Release|Any CPU
		{8CBD7876-8033-4AD4-AE50-8C121DC3E31E}.Debug|Any CPU.ActiveCfg = Debug|Any CPU
		{8CBD7876-8033-4AD4-AE50-8C121DC3E31E}.Debug|Any CPU.Build.0 = Debug|Any CPU
		{8CBD7876-8033-4AD4-AE50-8C121DC3E31E}.Debug|Any CPU.Deploy.0 = Debug|Any CPU
		{8CBD7876-8033-4AD4-AE50-8C121DC3E31E}.Release|Any CPU.ActiveCfg = Release|Any CPU
		{8CBD7876-8033-4AD4-AE50-8C121DC3E31E}.Release|Any CPU.Build.0 = Release|Any CPU
		{8CBD7876-8033-4AD4-AE50-8C121DC3E31E}.Release|Any CPU.Deploy.0 = Release|Any CPU
		{1B43A591-F224-4A8B-B50E-53BAF0710B08}.Debug|Any CPU.ActiveCfg = Debug|Any CPU
		{1B43A591-F224-4A8B-B50E-53BAF0710B08}.Debug|Any CPU.Build.0 = Debug|Any CPU
		{1B43A591-F224-4A8B-B50E-53BAF0710B08}.Debug|Any CPU.Deploy.0 = Debug|Any CPU
		{1B43A591-F224-4A8B-B50E-53BAF0710B08}.Release|Any CPU.ActiveCfg = Release|Any CPU
		{1B43A591-F224-4A8B-B50E-53BAF0710B08}.Release|Any CPU.Build.0 = Release|Any CPU
		{1B43A591-F224-4A8B-B50E-53BAF0710B08}.Release|Any CPU.Deploy.0 = Release|Any CPU
		{76669C6F-7687-4C3D-90DD-0206385D36ED}.Debug|Any CPU.ActiveCfg = Debug|Any CPU
		{76669C6F-7687-4C3D-90DD-0206385D36ED}.Debug|Any CPU.Build.0 = Debug|Any CPU
		{76669C6F-7687-4C3D-90DD-0206385D36ED}.Debug|Any CPU.Deploy.0 = Debug|Any CPU
		{76669C6F-7687-4C3D-90DD-0206385D36ED}.Release|Any CPU.ActiveCfg = Release|Any CPU
		{76669C6F-7687-4C3D-90DD-0206385D36ED}.Release|Any CPU.Build.0 = Release|Any CPU
		{76669C6F-7687-4C3D-90DD-0206385D36ED}.Release|Any CPU.Deploy.0 = Release|Any CPU
		{CF8CB421-3554-4647-A9F0-55DBB8390BDE}.Debug|Any CPU.ActiveCfg = Debug|Any CPU
		{CF8CB421-3554-4647-A9F0-55DBB8390BDE}.Debug|Any CPU.Build.0 = Debug|Any CPU
		{CF8CB421-3554-4647-A9F0-55DBB8390BDE}.Debug|Any CPU.Deploy.0 = Debug|Any CPU
		{CF8CB421-3554-4647-A9F0-55DBB8390BDE}.Release|Any CPU.ActiveCfg = Release|Any CPU
		{CF8CB421-3554-4647-A9F0-55DBB8390BDE}.Release|Any CPU.Build.0 = Release|Any CPU
		{CF8CB421-3554-4647-A9F0-55DBB8390BDE}.Release|Any CPU.Deploy.0 = Release|Any CPU
		{D7BCA597-3ECA-4AA1-AB7C-252D9547A7D2}.Debug|Any CPU.ActiveCfg = Debug|Any CPU
		{D7BCA597-3ECA-4AA1-AB7C-252D9547A7D2}.Debug|Any CPU.Build.0 = Debug|Any CPU
		{D7BCA597-3ECA-4AA1-AB7C-252D9547A7D2}.Release|Any CPU.ActiveCfg = Release|Any CPU
		{D7BCA597-3ECA-4AA1-AB7C-252D9547A7D2}.Release|Any CPU.Build.0 = Release|Any CPU
		{0D0A4401-8F45-4A8A-942D-F0E98C47F10F}.Debug|Any CPU.ActiveCfg = Debug|Any CPU
		{0D0A4401-8F45-4A8A-942D-F0E98C47F10F}.Debug|Any CPU.Build.0 = Debug|Any CPU
		{0D0A4401-8F45-4A8A-942D-F0E98C47F10F}.Release|Any CPU.ActiveCfg = Release|Any CPU
		{0D0A4401-8F45-4A8A-942D-F0E98C47F10F}.Release|Any CPU.Build.0 = Release|Any CPU
		{B1367247-E27B-481E-9EE3-28396FEA539C}.Debug|Any CPU.ActiveCfg = Debug|Any CPU
		{B1367247-E27B-481E-9EE3-28396FEA539C}.Debug|Any CPU.Build.0 = Debug|Any CPU
		{B1367247-E27B-481E-9EE3-28396FEA539C}.Release|Any CPU.ActiveCfg = Release|Any CPU
		{B1367247-E27B-481E-9EE3-28396FEA539C}.Release|Any CPU.Build.0 = Release|Any CPU
		{AB93BB3F-A599-422A-A4A9-2E8C83013A51}.Debug|Any CPU.ActiveCfg = Debug|Any CPU
		{AB93BB3F-A599-422A-A4A9-2E8C83013A51}.Debug|Any CPU.Build.0 = Debug|Any CPU
		{AB93BB3F-A599-422A-A4A9-2E8C83013A51}.Debug|Any CPU.Deploy.0 = Debug|Any CPU
		{AB93BB3F-A599-422A-A4A9-2E8C83013A51}.Release|Any CPU.ActiveCfg = Release|Any CPU
		{AB93BB3F-A599-422A-A4A9-2E8C83013A51}.Release|Any CPU.Build.0 = Release|Any CPU
		{AB93BB3F-A599-422A-A4A9-2E8C83013A51}.Release|Any CPU.Deploy.0 = Release|Any CPU
		{8BDFECC9-F38C-4C19-8C71-B728AC4537AD}.Debug|Any CPU.ActiveCfg = Debug|Any CPU
		{8BDFECC9-F38C-4C19-8C71-B728AC4537AD}.Debug|Any CPU.Build.0 = Debug|Any CPU
		{8BDFECC9-F38C-4C19-8C71-B728AC4537AD}.Debug|Any CPU.Deploy.0 = Debug|Any CPU
		{8BDFECC9-F38C-4C19-8C71-B728AC4537AD}.Release|Any CPU.ActiveCfg = Release|Any CPU
		{8BDFECC9-F38C-4C19-8C71-B728AC4537AD}.Release|Any CPU.Build.0 = Release|Any CPU
		{8BDFECC9-F38C-4C19-8C71-B728AC4537AD}.Release|Any CPU.Deploy.0 = Release|Any CPU
		{35B037B5-DC5B-4A81-8D89-AC68A80BAD5A}.Debug|Any CPU.ActiveCfg = Debug|Any CPU
		{35B037B5-DC5B-4A81-8D89-AC68A80BAD5A}.Debug|Any CPU.Build.0 = Debug|Any CPU
		{35B037B5-DC5B-4A81-8D89-AC68A80BAD5A}.Debug|Any CPU.Deploy.0 = Debug|Any CPU
		{35B037B5-DC5B-4A81-8D89-AC68A80BAD5A}.Release|Any CPU.ActiveCfg = Release|Any CPU
		{35B037B5-DC5B-4A81-8D89-AC68A80BAD5A}.Release|Any CPU.Build.0 = Release|Any CPU
		{35B037B5-DC5B-4A81-8D89-AC68A80BAD5A}.Release|Any CPU.Deploy.0 = Release|Any CPU
		{B2903BFD-1520-4899-BC86-553DFD49269C}.Debug|Any CPU.ActiveCfg = Debug|Any CPU
		{B2903BFD-1520-4899-BC86-553DFD49269C}.Debug|Any CPU.Build.0 = Debug|Any CPU
		{B2903BFD-1520-4899-BC86-553DFD49269C}.Debug|Any CPU.Deploy.0 = Debug|Any CPU
		{B2903BFD-1520-4899-BC86-553DFD49269C}.Release|Any CPU.ActiveCfg = Release|Any CPU
		{B2903BFD-1520-4899-BC86-553DFD49269C}.Release|Any CPU.Build.0 = Release|Any CPU
		{B2903BFD-1520-4899-BC86-553DFD49269C}.Release|Any CPU.Deploy.0 = Release|Any CPU
		{1875D845-E2D2-49AE-ACEB-AFC098E40466}.Debug|Any CPU.ActiveCfg = Debug|Any CPU
		{1875D845-E2D2-49AE-ACEB-AFC098E40466}.Debug|Any CPU.Build.0 = Debug|Any CPU
		{1875D845-E2D2-49AE-ACEB-AFC098E40466}.Release|Any CPU.ActiveCfg = Release|Any CPU
		{1875D845-E2D2-49AE-ACEB-AFC098E40466}.Release|Any CPU.Build.0 = Release|Any CPU
		{8F5361B1-EB29-4222-8424-CD12B8F8E8D6}.Debug|Any CPU.ActiveCfg = Debug|Any CPU
		{8F5361B1-EB29-4222-8424-CD12B8F8E8D6}.Debug|Any CPU.Build.0 = Debug|Any CPU
		{8F5361B1-EB29-4222-8424-CD12B8F8E8D6}.Release|Any CPU.ActiveCfg = Release|Any CPU
		{8F5361B1-EB29-4222-8424-CD12B8F8E8D6}.Release|Any CPU.Build.0 = Release|Any CPU
		{5F522AFF-98E7-4607-978C-ABAB99B7A685}.Debug|Any CPU.ActiveCfg = Debug|Any CPU
		{5F522AFF-98E7-4607-978C-ABAB99B7A685}.Debug|Any CPU.Build.0 = Debug|Any CPU
		{5F522AFF-98E7-4607-978C-ABAB99B7A685}.Release|Any CPU.ActiveCfg = Release|Any CPU
		{5F522AFF-98E7-4607-978C-ABAB99B7A685}.Release|Any CPU.Build.0 = Release|Any CPU
		{208B2F94-0B7B-4EB5-80AB-1C30F22B4057}.Debug|Any CPU.ActiveCfg = Debug|Any CPU
		{208B2F94-0B7B-4EB5-80AB-1C30F22B4057}.Debug|Any CPU.Build.0 = Debug|Any CPU
		{208B2F94-0B7B-4EB5-80AB-1C30F22B4057}.Release|Any CPU.ActiveCfg = Release|Any CPU
		{208B2F94-0B7B-4EB5-80AB-1C30F22B4057}.Release|Any CPU.Build.0 = Release|Any CPU
		{85A2B9CB-C09E-4FCE-ABBD-725DFEF8834D}.Debug|Any CPU.ActiveCfg = Debug|Any CPU
		{85A2B9CB-C09E-4FCE-ABBD-725DFEF8834D}.Debug|Any CPU.Build.0 = Debug|Any CPU
		{85A2B9CB-C09E-4FCE-ABBD-725DFEF8834D}.Release|Any CPU.ActiveCfg = Release|Any CPU
		{85A2B9CB-C09E-4FCE-ABBD-725DFEF8834D}.Release|Any CPU.Build.0 = Release|Any CPU
		{F592DCA1-443A-499A-AABB-8EC19C32D0C2}.Debug|Any CPU.ActiveCfg = Debug|Any CPU
		{F592DCA1-443A-499A-AABB-8EC19C32D0C2}.Debug|Any CPU.Build.0 = Debug|Any CPU
		{F592DCA1-443A-499A-AABB-8EC19C32D0C2}.Release|Any CPU.ActiveCfg = Release|Any CPU
		{F592DCA1-443A-499A-AABB-8EC19C32D0C2}.Release|Any CPU.Build.0 = Release|Any CPU
		{B8A380DF-BBF0-4BFC-BB94-CA7B5D462B41}.Debug|Any CPU.ActiveCfg = Debug|Any CPU
		{B8A380DF-BBF0-4BFC-BB94-CA7B5D462B41}.Debug|Any CPU.Build.0 = Debug|Any CPU
		{B8A380DF-BBF0-4BFC-BB94-CA7B5D462B41}.Release|Any CPU.ActiveCfg = Release|Any CPU
		{B8A380DF-BBF0-4BFC-BB94-CA7B5D462B41}.Release|Any CPU.Build.0 = Release|Any CPU
		{172B81ED-D3F5-401A-ACE2-C268C2683158}.Debug|Any CPU.ActiveCfg = Debug|Any CPU
		{172B81ED-D3F5-401A-ACE2-C268C2683158}.Debug|Any CPU.Build.0 = Debug|Any CPU
		{172B81ED-D3F5-401A-ACE2-C268C2683158}.Release|Any CPU.ActiveCfg = Release|Any CPU
		{172B81ED-D3F5-401A-ACE2-C268C2683158}.Release|Any CPU.Build.0 = Release|Any CPU
		{79E34ACB-8CED-4665-908C-3D2A68BF58B6}.Debug|Any CPU.ActiveCfg = Debug|Any CPU
		{79E34ACB-8CED-4665-908C-3D2A68BF58B6}.Debug|Any CPU.Build.0 = Debug|Any CPU
		{79E34ACB-8CED-4665-908C-3D2A68BF58B6}.Release|Any CPU.ActiveCfg = Release|Any CPU
		{79E34ACB-8CED-4665-908C-3D2A68BF58B6}.Release|Any CPU.Build.0 = Release|Any CPU
		{491AB2C1-1B84-4743-8198-204F05B27A78}.Debug|Any CPU.ActiveCfg = Debug|Any CPU
		{491AB2C1-1B84-4743-8198-204F05B27A78}.Debug|Any CPU.Build.0 = Debug|Any CPU
		{491AB2C1-1B84-4743-8198-204F05B27A78}.Release|Any CPU.ActiveCfg = Release|Any CPU
		{491AB2C1-1B84-4743-8198-204F05B27A78}.Release|Any CPU.Build.0 = Release|Any CPU
		{8164CDEA-1A05-49FE-B9C9-E682633F1AA2}.Debug|Any CPU.ActiveCfg = Debug|Any CPU
		{8164CDEA-1A05-49FE-B9C9-E682633F1AA2}.Debug|Any CPU.Build.0 = Debug|Any CPU
		{8164CDEA-1A05-49FE-B9C9-E682633F1AA2}.Release|Any CPU.ActiveCfg = Release|Any CPU
		{8164CDEA-1A05-49FE-B9C9-E682633F1AA2}.Release|Any CPU.Build.0 = Release|Any CPU
		{F9FC6957-6094-4EF6-8369-EA67693B1B99}.Debug|Any CPU.ActiveCfg = Debug|Any CPU
		{F9FC6957-6094-4EF6-8369-EA67693B1B99}.Debug|Any CPU.Build.0 = Debug|Any CPU
		{F9FC6957-6094-4EF6-8369-EA67693B1B99}.Release|Any CPU.ActiveCfg = Release|Any CPU
		{F9FC6957-6094-4EF6-8369-EA67693B1B99}.Release|Any CPU.Build.0 = Release|Any CPU
		{A9F508A6-7D56-4B5C-A645-F0733FB1DB56}.Debug|Any CPU.ActiveCfg = Debug|Any CPU
		{A9F508A6-7D56-4B5C-A645-F0733FB1DB56}.Debug|Any CPU.Build.0 = Debug|Any CPU
		{A9F508A6-7D56-4B5C-A645-F0733FB1DB56}.Release|Any CPU.ActiveCfg = Release|Any CPU
		{A9F508A6-7D56-4B5C-A645-F0733FB1DB56}.Release|Any CPU.Build.0 = Release|Any CPU
		{FFAC68B2-655F-4609-A249-9EE92C845E24}.Debug|Any CPU.ActiveCfg = Debug|Any CPU
		{FFAC68B2-655F-4609-A249-9EE92C845E24}.Debug|Any CPU.Build.0 = Debug|Any CPU
		{FFAC68B2-655F-4609-A249-9EE92C845E24}.Release|Any CPU.ActiveCfg = Release|Any CPU
		{FFAC68B2-655F-4609-A249-9EE92C845E24}.Release|Any CPU.Build.0 = Release|Any CPU
		{428C13D6-461F-48E4-9C2B-D286EA36EDA3}.Debug|Any CPU.ActiveCfg = Debug|Any CPU
		{428C13D6-461F-48E4-9C2B-D286EA36EDA3}.Debug|Any CPU.Build.0 = Debug|Any CPU
		{428C13D6-461F-48E4-9C2B-D286EA36EDA3}.Release|Any CPU.ActiveCfg = Release|Any CPU
		{428C13D6-461F-48E4-9C2B-D286EA36EDA3}.Release|Any CPU.Build.0 = Release|Any CPU
		{A731B7F2-83E5-4B0C-BC12-FF100014BD0B}.Debug|Any CPU.ActiveCfg = Debug|Any CPU
		{A731B7F2-83E5-4B0C-BC12-FF100014BD0B}.Debug|Any CPU.Build.0 = Debug|Any CPU
		{A731B7F2-83E5-4B0C-BC12-FF100014BD0B}.Release|Any CPU.ActiveCfg = Release|Any CPU
		{A731B7F2-83E5-4B0C-BC12-FF100014BD0B}.Release|Any CPU.Build.0 = Release|Any CPU
		{D7057933-2A2D-4181-B7DF-62AE4C969E6A}.Debug|Any CPU.ActiveCfg = Debug|Any CPU
		{D7057933-2A2D-4181-B7DF-62AE4C969E6A}.Debug|Any CPU.Build.0 = Debug|Any CPU
		{D7057933-2A2D-4181-B7DF-62AE4C969E6A}.Release|Any CPU.ActiveCfg = Release|Any CPU
		{D7057933-2A2D-4181-B7DF-62AE4C969E6A}.Release|Any CPU.Build.0 = Release|Any CPU
		{C2D42562-860F-488B-9022-532E717C9D1B}.Debug|Any CPU.ActiveCfg = Debug|Any CPU
		{C2D42562-860F-488B-9022-532E717C9D1B}.Debug|Any CPU.Build.0 = Debug|Any CPU
		{C2D42562-860F-488B-9022-532E717C9D1B}.Release|Any CPU.ActiveCfg = Release|Any CPU
		{C2D42562-860F-488B-9022-532E717C9D1B}.Release|Any CPU.Build.0 = Release|Any CPU
		{90EAB53C-C8AA-4500-B960-2E83E69E3551}.Debug|Any CPU.ActiveCfg = Debug|Any CPU
		{90EAB53C-C8AA-4500-B960-2E83E69E3551}.Debug|Any CPU.Build.0 = Debug|Any CPU
		{90EAB53C-C8AA-4500-B960-2E83E69E3551}.Release|Any CPU.ActiveCfg = Release|Any CPU
		{90EAB53C-C8AA-4500-B960-2E83E69E3551}.Release|Any CPU.Build.0 = Release|Any CPU
		{60320E64-20C1-4B56-ADA8-4C316D29148A}.Debug|Any CPU.ActiveCfg = Debug|Any CPU
		{60320E64-20C1-4B56-ADA8-4C316D29148A}.Debug|Any CPU.Build.0 = Debug|Any CPU
		{60320E64-20C1-4B56-ADA8-4C316D29148A}.Release|Any CPU.ActiveCfg = Release|Any CPU
		{60320E64-20C1-4B56-ADA8-4C316D29148A}.Release|Any CPU.Build.0 = Release|Any CPU
		{201F23D3-CC4D-46F0-ADC5-259520BAA0E0}.Debug|Any CPU.ActiveCfg = Debug|Any CPU
		{201F23D3-CC4D-46F0-ADC5-259520BAA0E0}.Debug|Any CPU.Build.0 = Debug|Any CPU
		{201F23D3-CC4D-46F0-ADC5-259520BAA0E0}.Release|Any CPU.ActiveCfg = Release|Any CPU
		{201F23D3-CC4D-46F0-ADC5-259520BAA0E0}.Release|Any CPU.Build.0 = Release|Any CPU
		{E62A3914-9A82-4CF3-9ECA-BE898FB84422}.Debug|Any CPU.ActiveCfg = Debug|Any CPU
		{E62A3914-9A82-4CF3-9ECA-BE898FB84422}.Debug|Any CPU.Build.0 = Debug|Any CPU
		{E62A3914-9A82-4CF3-9ECA-BE898FB84422}.Release|Any CPU.ActiveCfg = Release|Any CPU
		{E62A3914-9A82-4CF3-9ECA-BE898FB84422}.Release|Any CPU.Build.0 = Release|Any CPU
		{7EF3DC84-57C7-47D9-9DEC-E94558B1AFC0}.Debug|Any CPU.ActiveCfg = Debug|Any CPU
		{7EF3DC84-57C7-47D9-9DEC-E94558B1AFC0}.Debug|Any CPU.Build.0 = Debug|Any CPU
		{7EF3DC84-57C7-47D9-9DEC-E94558B1AFC0}.Release|Any CPU.ActiveCfg = Release|Any CPU
		{7EF3DC84-57C7-47D9-9DEC-E94558B1AFC0}.Release|Any CPU.Build.0 = Release|Any CPU
		{9BC13105-9A51-4382-94B6-36A17C2A24FB}.Debug|Any CPU.ActiveCfg = Debug|Any CPU
		{9BC13105-9A51-4382-94B6-36A17C2A24FB}.Debug|Any CPU.Build.0 = Debug|Any CPU
		{9BC13105-9A51-4382-94B6-36A17C2A24FB}.Release|Any CPU.ActiveCfg = Release|Any CPU
		{9BC13105-9A51-4382-94B6-36A17C2A24FB}.Release|Any CPU.Build.0 = Release|Any CPU
		{30144375-4118-4A8E-9C78-55BB4C1C9E1D}.Debug|Any CPU.ActiveCfg = Debug|Any CPU
		{30144375-4118-4A8E-9C78-55BB4C1C9E1D}.Debug|Any CPU.Build.0 = Debug|Any CPU
		{30144375-4118-4A8E-9C78-55BB4C1C9E1D}.Release|Any CPU.ActiveCfg = Release|Any CPU
		{30144375-4118-4A8E-9C78-55BB4C1C9E1D}.Release|Any CPU.Build.0 = Release|Any CPU
		{7337E1AF-88FB-4789-8498-7699044C958B}.Debug|Any CPU.ActiveCfg = Debug|Any CPU
		{7337E1AF-88FB-4789-8498-7699044C958B}.Debug|Any CPU.Build.0 = Debug|Any CPU
		{7337E1AF-88FB-4789-8498-7699044C958B}.Release|Any CPU.ActiveCfg = Release|Any CPU
		{7337E1AF-88FB-4789-8498-7699044C958B}.Release|Any CPU.Build.0 = Release|Any CPU
		{983D17A4-31F5-4BA1-87BC-AA5225C69C0E}.Debug|Any CPU.ActiveCfg = Debug|Any CPU
		{983D17A4-31F5-4BA1-87BC-AA5225C69C0E}.Debug|Any CPU.Build.0 = Debug|Any CPU
		{983D17A4-31F5-4BA1-87BC-AA5225C69C0E}.Release|Any CPU.ActiveCfg = Release|Any CPU
		{983D17A4-31F5-4BA1-87BC-AA5225C69C0E}.Release|Any CPU.Build.0 = Release|Any CPU
		{3E8211EB-36FC-4CD1-BAF5-0BD4E9A05721}.Debug|Any CPU.ActiveCfg = Debug|Any CPU
		{3E8211EB-36FC-4CD1-BAF5-0BD4E9A05721}.Debug|Any CPU.Build.0 = Debug|Any CPU
		{3E8211EB-36FC-4CD1-BAF5-0BD4E9A05721}.Release|Any CPU.ActiveCfg = Release|Any CPU
		{3E8211EB-36FC-4CD1-BAF5-0BD4E9A05721}.Release|Any CPU.Build.0 = Release|Any CPU
		{AA3BC0C5-9F40-4C1C-9F6F-0DD1AFC89480}.Debug|Any CPU.ActiveCfg = Debug|Any CPU
		{AA3BC0C5-9F40-4C1C-9F6F-0DD1AFC89480}.Debug|Any CPU.Build.0 = Debug|Any CPU
		{AA3BC0C5-9F40-4C1C-9F6F-0DD1AFC89480}.Release|Any CPU.ActiveCfg = Release|Any CPU
		{AA3BC0C5-9F40-4C1C-9F6F-0DD1AFC89480}.Release|Any CPU.Build.0 = Release|Any CPU
		{3F358EE4-A249-4FEA-BA6A-62D193CC0539}.Debug|Any CPU.ActiveCfg = Debug|Any CPU
		{3F358EE4-A249-4FEA-BA6A-62D193CC0539}.Debug|Any CPU.Build.0 = Debug|Any CPU
		{3F358EE4-A249-4FEA-BA6A-62D193CC0539}.Release|Any CPU.ActiveCfg = Release|Any CPU
		{3F358EE4-A249-4FEA-BA6A-62D193CC0539}.Release|Any CPU.Build.0 = Release|Any CPU
		{CB098768-3539-4824-9144-A619AA1FF9D0}.Debug|Any CPU.ActiveCfg = Debug|Any CPU
		{CB098768-3539-4824-9144-A619AA1FF9D0}.Debug|Any CPU.Build.0 = Debug|Any CPU
		{CB098768-3539-4824-9144-A619AA1FF9D0}.Release|Any CPU.ActiveCfg = Release|Any CPU
		{CB098768-3539-4824-9144-A619AA1FF9D0}.Release|Any CPU.Build.0 = Release|Any CPU
		{17CC2BAD-B68D-4397-864A-CF2DBF95E53B}.Debug|Any CPU.ActiveCfg = Debug|Any CPU
		{17CC2BAD-B68D-4397-864A-CF2DBF95E53B}.Debug|Any CPU.Build.0 = Debug|Any CPU
		{17CC2BAD-B68D-4397-864A-CF2DBF95E53B}.Release|Any CPU.ActiveCfg = Release|Any CPU
		{17CC2BAD-B68D-4397-864A-CF2DBF95E53B}.Release|Any CPU.Build.0 = Release|Any CPU
		{3864B677-9901-4B02-B73D-74897ED75379}.Debug|Any CPU.ActiveCfg = Debug|Any CPU
		{3864B677-9901-4B02-B73D-74897ED75379}.Debug|Any CPU.Build.0 = Debug|Any CPU
		{3864B677-9901-4B02-B73D-74897ED75379}.Release|Any CPU.ActiveCfg = Release|Any CPU
		{3864B677-9901-4B02-B73D-74897ED75379}.Release|Any CPU.Build.0 = Release|Any CPU
		{09E02122-6F5A-4854-9FD6-37F54464C4F0}.Debug|Any CPU.ActiveCfg = Debug|Any CPU
		{09E02122-6F5A-4854-9FD6-37F54464C4F0}.Debug|Any CPU.Build.0 = Debug|Any CPU
		{09E02122-6F5A-4854-9FD6-37F54464C4F0}.Release|Any CPU.ActiveCfg = Release|Any CPU
		{09E02122-6F5A-4854-9FD6-37F54464C4F0}.Release|Any CPU.Build.0 = Release|Any CPU
		{E4106746-299D-4B93-92C2-97BC8DBA7C27}.Debug|Any CPU.ActiveCfg = Debug|Any CPU
		{E4106746-299D-4B93-92C2-97BC8DBA7C27}.Debug|Any CPU.Build.0 = Debug|Any CPU
		{E4106746-299D-4B93-92C2-97BC8DBA7C27}.Release|Any CPU.ActiveCfg = Release|Any CPU
		{E4106746-299D-4B93-92C2-97BC8DBA7C27}.Release|Any CPU.Build.0 = Release|Any CPU
		{18EC9E9E-AB75-4A26-A475-36A98A4BB5A9}.Debug|Any CPU.ActiveCfg = Debug|Any CPU
		{18EC9E9E-AB75-4A26-A475-36A98A4BB5A9}.Debug|Any CPU.Build.0 = Debug|Any CPU
		{18EC9E9E-AB75-4A26-A475-36A98A4BB5A9}.Release|Any CPU.ActiveCfg = Release|Any CPU
		{18EC9E9E-AB75-4A26-A475-36A98A4BB5A9}.Release|Any CPU.Build.0 = Release|Any CPU
		{BBC8BCB6-8AF2-4CD2-A007-0D3A727568C5}.Debug|Any CPU.ActiveCfg = Debug|Any CPU
		{BBC8BCB6-8AF2-4CD2-A007-0D3A727568C5}.Debug|Any CPU.Build.0 = Debug|Any CPU
		{BBC8BCB6-8AF2-4CD2-A007-0D3A727568C5}.Release|Any CPU.ActiveCfg = Release|Any CPU
		{BBC8BCB6-8AF2-4CD2-A007-0D3A727568C5}.Release|Any CPU.Build.0 = Release|Any CPU
		{6A16A550-9562-49AD-97A8-0E45DE68B96B}.Debug|Any CPU.ActiveCfg = Debug|Any CPU
		{6A16A550-9562-49AD-97A8-0E45DE68B96B}.Debug|Any CPU.Build.0 = Debug|Any CPU
		{6A16A550-9562-49AD-97A8-0E45DE68B96B}.Release|Any CPU.ActiveCfg = Release|Any CPU
		{6A16A550-9562-49AD-97A8-0E45DE68B96B}.Release|Any CPU.Build.0 = Release|Any CPU
		{C791F5C4-B226-49D8-B6EA-90F368DCB31F}.Debug|Any CPU.ActiveCfg = Debug|Any CPU
		{C791F5C4-B226-49D8-B6EA-90F368DCB31F}.Debug|Any CPU.Build.0 = Debug|Any CPU
		{C791F5C4-B226-49D8-B6EA-90F368DCB31F}.Release|Any CPU.ActiveCfg = Release|Any CPU
		{C791F5C4-B226-49D8-B6EA-90F368DCB31F}.Release|Any CPU.Build.0 = Release|Any CPU
		{F798B6DE-4CA5-4C06-9AB6-D94DFC7DF819}.Debug|Any CPU.ActiveCfg = Debug|Any CPU
		{F798B6DE-4CA5-4C06-9AB6-D94DFC7DF819}.Debug|Any CPU.Build.0 = Debug|Any CPU
		{F798B6DE-4CA5-4C06-9AB6-D94DFC7DF819}.Release|Any CPU.ActiveCfg = Release|Any CPU
		{F798B6DE-4CA5-4C06-9AB6-D94DFC7DF819}.Release|Any CPU.Build.0 = Release|Any CPU
		{C572A7E5-F771-43A8-BDE4-3279E041D39F}.Debug|Any CPU.ActiveCfg = Debug|Any CPU
		{C572A7E5-F771-43A8-BDE4-3279E041D39F}.Debug|Any CPU.Build.0 = Debug|Any CPU
		{C572A7E5-F771-43A8-BDE4-3279E041D39F}.Release|Any CPU.ActiveCfg = Release|Any CPU
		{C572A7E5-F771-43A8-BDE4-3279E041D39F}.Release|Any CPU.Build.0 = Release|Any CPU
		{534EC211-E342-4DDC-9C10-14331808E139}.Debug|Any CPU.ActiveCfg = Debug|Any CPU
		{534EC211-E342-4DDC-9C10-14331808E139}.Debug|Any CPU.Build.0 = Debug|Any CPU
		{534EC211-E342-4DDC-9C10-14331808E139}.Release|Any CPU.ActiveCfg = Release|Any CPU
		{534EC211-E342-4DDC-9C10-14331808E139}.Release|Any CPU.Build.0 = Release|Any CPU
		{98B48918-654A-493C-82AE-EBF4ACEEEC04}.Debug|Any CPU.ActiveCfg = Debug|Any CPU
		{98B48918-654A-493C-82AE-EBF4ACEEEC04}.Debug|Any CPU.Build.0 = Debug|Any CPU
		{98B48918-654A-493C-82AE-EBF4ACEEEC04}.Release|Any CPU.ActiveCfg = Release|Any CPU
		{98B48918-654A-493C-82AE-EBF4ACEEEC04}.Release|Any CPU.Build.0 = Release|Any CPU
		{BD9F295D-A637-4352-A91C-912D5B9A1EFD}.Debug|Any CPU.ActiveCfg = Debug|Any CPU
		{BD9F295D-A637-4352-A91C-912D5B9A1EFD}.Debug|Any CPU.Build.0 = Debug|Any CPU
		{BD9F295D-A637-4352-A91C-912D5B9A1EFD}.Release|Any CPU.ActiveCfg = Release|Any CPU
		{BD9F295D-A637-4352-A91C-912D5B9A1EFD}.Release|Any CPU.Build.0 = Release|Any CPU
		{280A730C-1DA6-43B6-8001-244D2046E0D2}.Debug|Any CPU.ActiveCfg = Debug|Any CPU
		{280A730C-1DA6-43B6-8001-244D2046E0D2}.Debug|Any CPU.Build.0 = Debug|Any CPU
		{280A730C-1DA6-43B6-8001-244D2046E0D2}.Release|Any CPU.ActiveCfg = Release|Any CPU
		{280A730C-1DA6-43B6-8001-244D2046E0D2}.Release|Any CPU.Build.0 = Release|Any CPU
		{B701DAD1-CD0E-4E25-B47F-53211653D1EA}.Debug|Any CPU.ActiveCfg = Debug|Any CPU
		{B701DAD1-CD0E-4E25-B47F-53211653D1EA}.Debug|Any CPU.Build.0 = Debug|Any CPU
		{B701DAD1-CD0E-4E25-B47F-53211653D1EA}.Release|Any CPU.ActiveCfg = Release|Any CPU
		{B701DAD1-CD0E-4E25-B47F-53211653D1EA}.Release|Any CPU.Build.0 = Release|Any CPU
		{48C49D2C-3123-4D03-84C1-DEB7B04C7175}.Debug|Any CPU.ActiveCfg = Debug|Any CPU
		{48C49D2C-3123-4D03-84C1-DEB7B04C7175}.Debug|Any CPU.Build.0 = Debug|Any CPU
		{48C49D2C-3123-4D03-84C1-DEB7B04C7175}.Release|Any CPU.ActiveCfg = Release|Any CPU
		{48C49D2C-3123-4D03-84C1-DEB7B04C7175}.Release|Any CPU.Build.0 = Release|Any CPU
		{10D67DE2-5BE7-43C2-8782-4611F3D4A8A6}.Debug|Any CPU.ActiveCfg = Debug|Any CPU
		{10D67DE2-5BE7-43C2-8782-4611F3D4A8A6}.Debug|Any CPU.Build.0 = Debug|Any CPU
		{10D67DE2-5BE7-43C2-8782-4611F3D4A8A6}.Release|Any CPU.ActiveCfg = Release|Any CPU
		{10D67DE2-5BE7-43C2-8782-4611F3D4A8A6}.Release|Any CPU.Build.0 = Release|Any CPU
		{275CFD7A-CFED-4729-BCA3-4F22430AF288}.Debug|Any CPU.ActiveCfg = Debug|Any CPU
		{275CFD7A-CFED-4729-BCA3-4F22430AF288}.Debug|Any CPU.Build.0 = Debug|Any CPU
		{275CFD7A-CFED-4729-BCA3-4F22430AF288}.Release|Any CPU.ActiveCfg = Release|Any CPU
		{275CFD7A-CFED-4729-BCA3-4F22430AF288}.Release|Any CPU.Build.0 = Release|Any CPU
		{6C446229-28F6-4386-881F-9C6955288EE2}.Debug|Any CPU.ActiveCfg = Debug|Any CPU
		{6C446229-28F6-4386-881F-9C6955288EE2}.Debug|Any CPU.Build.0 = Debug|Any CPU
		{6C446229-28F6-4386-881F-9C6955288EE2}.Release|Any CPU.ActiveCfg = Release|Any CPU
		{6C446229-28F6-4386-881F-9C6955288EE2}.Release|Any CPU.Build.0 = Release|Any CPU
	EndGlobalSection
	GlobalSection(SolutionProperties) = preSolution
		HideSolutionNode = FALSE
	EndGlobalSection
	GlobalSection(NestedProjects) = preSolution
		{95720B76-7BA9-4193-B0F5-DF37A5243C8E} = {CF7C78F1-DA31-4F98-8C1B-525E8EED6F27}
		{9264A5F7-F13E-474E-90EC-DA9DDE1FF5CE} = {CF7C78F1-DA31-4F98-8C1B-525E8EED6F27}
		{E9B743F3-6643-4BD6-A136-2887F64A5BEB} = {CF7C78F1-DA31-4F98-8C1B-525E8EED6F27}
		{6ECE2AC5-70BD-430C-BD4C-641C2F822A66} = {CF7C78F1-DA31-4F98-8C1B-525E8EED6F27}
		{12423599-13FB-4BFF-8057-CF11032A01C3} = {CF7C78F1-DA31-4F98-8C1B-525E8EED6F27}
		{E2ABA44D-D6D6-4BBA-B725-B4A067C246A8} = {3F8DB099-3B7E-4314-87AC-637EE6346FAF}
		{6B733BF4-606C-437D-A26E-55ED2DA7D2E1} = {3F8DB099-3B7E-4314-87AC-637EE6346FAF}
		{C3EE8466-EC99-4A5C-8FD0-E37A17FF2133} = {3F8DB099-3B7E-4314-87AC-637EE6346FAF}
		{2AE563BA-023C-40B7-B955-3EACB9F6478E} = {3F8DB099-3B7E-4314-87AC-637EE6346FAF}
		{C2A66519-F947-4B57-9C21-42AB3FE48EA0} = {CF7C78F1-DA31-4F98-8C1B-525E8EED6F27}
		{DCE516D6-26DD-4DAA-9AF9-09936F91279D} = {3D8860B5-E55F-4EC3-8FC0-FF9188136CE1}
		{8CBD7876-8033-4AD4-AE50-8C121DC3E31E} = {3D8860B5-E55F-4EC3-8FC0-FF9188136CE1}
		{1B43A591-F224-4A8B-B50E-53BAF0710B08} = {3D8860B5-E55F-4EC3-8FC0-FF9188136CE1}
		{76669C6F-7687-4C3D-90DD-0206385D36ED} = {3D8860B5-E55F-4EC3-8FC0-FF9188136CE1}
		{CF8CB421-3554-4647-A9F0-55DBB8390BDE} = {3D8860B5-E55F-4EC3-8FC0-FF9188136CE1}
		{AB93BB3F-A599-422A-A4A9-2E8C83013A51} = {3D8860B5-E55F-4EC3-8FC0-FF9188136CE1}
		{8BDFECC9-F38C-4C19-8C71-B728AC4537AD} = {3D8860B5-E55F-4EC3-8FC0-FF9188136CE1}
		{35B037B5-DC5B-4A81-8D89-AC68A80BAD5A} = {3D8860B5-E55F-4EC3-8FC0-FF9188136CE1}
		{B2903BFD-1520-4899-BC86-553DFD49269C} = {3D8860B5-E55F-4EC3-8FC0-FF9188136CE1}
		{1875D845-E2D2-49AE-ACEB-AFC098E40466} = {CF7C78F1-DA31-4F98-8C1B-525E8EED6F27}
		{8F5361B1-EB29-4222-8424-CD12B8F8E8D6} = {CF7C78F1-DA31-4F98-8C1B-525E8EED6F27}
		{BD9F295D-A637-4352-A91C-912D5B9A1EFD} = {3F8DB099-3B7E-4314-87AC-637EE6346FAF}
		{280A730C-1DA6-43B6-8001-244D2046E0D2} = {CF7C78F1-DA31-4F98-8C1B-525E8EED6F27}
		{B701DAD1-CD0E-4E25-B47F-53211653D1EA} = {CF7C78F1-DA31-4F98-8C1B-525E8EED6F27}
		{275CFD7A-CFED-4729-BCA3-4F22430AF288} = {CF7C78F1-DA31-4F98-8C1B-525E8EED6F27}
		{6C446229-28F6-4386-881F-9C6955288EE2} = {3F8DB099-3B7E-4314-87AC-637EE6346FAF}
	EndGlobalSection
	GlobalSection(ExtensibilityGlobals) = postSolution
		SolutionGuid = {2C11D180-469F-4C9C-B06C-7E12C47EB158}
	EndGlobalSection
EndGlobal
